// !$*UTF8*$!
{
	archiveVersion = 1;
	classes = {
	};
	objectVersion = 46;
	objects = {

/* Begin PBXBuildFile section */
		7E02E9F1188AF05A001A41C7 /* Cocoa.framework in Frameworks */ = {isa = PBXBuildFile; fileRef = 7E02E9F0188AF05A001A41C7 /* Cocoa.framework */; };
		7E02E9FB188AF05A001A41C7 /* InfoPlist.strings in Resources */ = {isa = PBXBuildFile; fileRef = 7E02E9F9188AF05A001A41C7 /* InfoPlist.strings */; };
		7E02E9FD188AF05A001A41C7 /* main.m in Sources */ = {isa = PBXBuildFile; fileRef = 7E02E9FC188AF05A001A41C7 /* main.m */; };
		7E02EA01188AF05A001A41C7 /* Credits.rtf in Resources */ = {isa = PBXBuildFile; fileRef = 7E02E9FF188AF05A001A41C7 /* Credits.rtf */; };
		7E02EA04188AF05A001A41C7 /* SRSAppDelegate.m in Sources */ = {isa = PBXBuildFile; fileRef = 7E02EA03188AF05A001A41C7 /* SRSAppDelegate.m */; };
		7E02EA07188AF05A001A41C7 /* MainMenu.xib in Resources */ = {isa = PBXBuildFile; fileRef = 7E02EA05188AF05A001A41C7 /* MainMenu.xib */; };
		7E02EA0A188AF05A001A41C7 /* Sinister.xcdatamodeld in Sources */ = {isa = PBXBuildFile; fileRef = 7E02EA08188AF05A001A41C7 /* Sinister.xcdatamodeld */; };
		7E02EA0C188AF05A001A41C7 /* Images.xcassets in Resources */ = {isa = PBXBuildFile; fileRef = 7E02EA0B188AF05A001A41C7 /* Images.xcassets */; };
		7E02EA13188AF05A001A41C7 /* XCTest.framework in Frameworks */ = {isa = PBXBuildFile; fileRef = 7E02EA12188AF05A001A41C7 /* XCTest.framework */; };
		7E02EA14188AF05A001A41C7 /* Cocoa.framework in Frameworks */ = {isa = PBXBuildFile; fileRef = 7E02E9F0188AF05A001A41C7 /* Cocoa.framework */; };
		7E02EA1C188AF05A001A41C7 /* InfoPlist.strings in Resources */ = {isa = PBXBuildFile; fileRef = 7E02EA1A188AF05A001A41C7 /* InfoPlist.strings */; };
		7E02EA1E188AF05A001A41C7 /* SinisterTests.m in Sources */ = {isa = PBXBuildFile; fileRef = 7E02EA1D188AF05A001A41C7 /* SinisterTests.m */; };
		7E02EA2C188AFAEC001A41C7 /* SRSHandHistoriesLocationWindowController.m in Sources */ = {isa = PBXBuildFile; fileRef = 7E02EA2A188AFAEC001A41C7 /* SRSHandHistoriesLocationWindowController.m */; };
		7E02EA2D188AFAEC001A41C7 /* SRSHandHistoriesLocationWindowController.xib in Resources */ = {isa = PBXBuildFile; fileRef = 7E02EA2B188AFAEC001A41C7 /* SRSHandHistoriesLocationWindowController.xib */; };
		7E27A01C18A44C9400240919 /* SRSPlayerHandsWindowController.m in Sources */ = {isa = PBXBuildFile; fileRef = 7E27A01A18A44C9400240919 /* SRSPlayerHandsWindowController.m */; };
		7E27A01D18A44C9400240919 /* SRSPlayerHandsWindowController.xib in Resources */ = {isa = PBXBuildFile; fileRef = 7E27A01B18A44C9400240919 /* SRSPlayerHandsWindowController.xib */; };
		7E3E78331895EDA40073A08A /* Card+Constants.m in Sources */ = {isa = PBXBuildFile; fileRef = 7E3E78321895EDA40073A08A /* Card+Constants.m */; };
		7E3E78381896F3B20073A08A /* SRSPreferencesWindowController.m in Sources */ = {isa = PBXBuildFile; fileRef = 7E3E78361896F3B20073A08A /* SRSPreferencesWindowController.m */; };
		7E3E78391896F3B20073A08A /* SRSPreferencesWindowController.xib in Resources */ = {isa = PBXBuildFile; fileRef = 7E3E78371896F3B20073A08A /* SRSPreferencesWindowController.xib */; };
		7E3E783D1896FE0C0073A08A /* SRSParseEngineWindowController.m in Sources */ = {isa = PBXBuildFile; fileRef = 7E3E783B1896FE0C0073A08A /* SRSParseEngineWindowController.m */; };
		7E3E783E1896FE0C0073A08A /* SRSParseEngineWindowController.xib in Resources */ = {isa = PBXBuildFile; fileRef = 7E3E783C1896FE0C0073A08A /* SRSParseEngineWindowController.xib */; };
		7E3E7853189757270073A08A /* Player+Stats.m in Sources */ = {isa = PBXBuildFile; fileRef = 7E3E7852189757270073A08A /* Player+Stats.m */; };
		7E3E78571897589F0073A08A /* SRSPlayerStatsWindowController.m in Sources */ = {isa = PBXBuildFile; fileRef = 7E3E78551897589F0073A08A /* SRSPlayerStatsWindowController.m */; };
		7E3E78581897589F0073A08A /* SRSPlayerStatsWindowController.xib in Resources */ = {isa = PBXBuildFile; fileRef = 7E3E78561897589F0073A08A /* SRSPlayerStatsWindowController.xib */; };
		7E3E786D189855F80073A08A /* Hand+Stats.m in Sources */ = {isa = PBXBuildFile; fileRef = 7E3E786C189855F80073A08A /* Hand+Stats.m */; };
		7E448F86188B0B6F00D88D5A /* SRSMavenHandFileParser.m in Sources */ = {isa = PBXBuildFile; fileRef = 7E448F85188B0B6F00D88D5A /* SRSMavenHandFileParser.m */; };
		7E448F88188B0C1D00D88D5A /* SRSMavenLogParserTest.m in Sources */ = {isa = PBXBuildFile; fileRef = 7E448F87188B0C1D00D88D5A /* SRSMavenLogParserTest.m */; };
		7E448FB5188F5EC800D88D5A /* Action+Constants.m in Sources */ = {isa = PBXBuildFile; fileRef = 7E448FB4188F5EC800D88D5A /* Action+Constants.m */; };
		7E9C356A189C505E002C47A2 /* Player.m in Sources */ = {isa = PBXBuildFile; fileRef = 7E9C3569189C505E002C47A2 /* Player.m */; };
		7E9C356D189C505F002C47A2 /* Action.m in Sources */ = {isa = PBXBuildFile; fileRef = 7E9C356C189C505F002C47A2 /* Action.m */; };
		7E9C3570189C505F002C47A2 /* Hand.m in Sources */ = {isa = PBXBuildFile; fileRef = 7E9C356F189C505F002C47A2 /* Hand.m */; };
		7E9C3573189C505F002C47A2 /* Seat.m in Sources */ = {isa = PBXBuildFile; fileRef = 7E9C3572189C505F002C47A2 /* Seat.m */; };
		7E9C3576189C505F002C47A2 /* Card.m in Sources */ = {isa = PBXBuildFile; fileRef = 7E9C3575189C505F002C47A2 /* Card.m */; };
		7E9C3579189C505F002C47A2 /* Site.m in Sources */ = {isa = PBXBuildFile; fileRef = 7E9C3578189C505F002C47A2 /* Site.m */; };
		7E9C357D189C56BC002C47A2 /* SRSHandExpectedValueWindowController.m in Sources */ = {isa = PBXBuildFile; fileRef = 7E9C357B189C56BC002C47A2 /* SRSHandExpectedValueWindowController.m */; };
		7E9C357E189C56BC002C47A2 /* SRSHandExpectedValueWindowController.xib in Resources */ = {isa = PBXBuildFile; fileRef = 7E9C357C189C56BC002C47A2 /* SRSHandExpectedValueWindowController.xib */; };
		7E9C3582189C87D9002C47A2 /* SRSHandExpectedValue.m in Sources */ = {isa = PBXBuildFile; fileRef = 7E9C3581189C87D9002C47A2 /* SRSHandExpectedValue.m */; };
/* End PBXBuildFile section */

/* Begin PBXContainerItemProxy section */
		7E02EA15188AF05A001A41C7 /* PBXContainerItemProxy */ = {
			isa = PBXContainerItemProxy;
			containerPortal = 7E02E9E5188AF05A001A41C7 /* Project object */;
			proxyType = 1;
			remoteGlobalIDString = 7E02E9EC188AF05A001A41C7;
			remoteInfo = Sinister;
		};
/* End PBXContainerItemProxy section */

/* Begin PBXFileReference section */
		7E02E9ED188AF05A001A41C7 /* Sinister.app */ = {isa = PBXFileReference; explicitFileType = wrapper.application; includeInIndex = 0; path = Sinister.app; sourceTree = BUILT_PRODUCTS_DIR; };
		7E02E9F0188AF05A001A41C7 /* Cocoa.framework */ = {isa = PBXFileReference; lastKnownFileType = wrapper.framework; name = Cocoa.framework; path = System/Library/Frameworks/Cocoa.framework; sourceTree = SDKROOT; };
		7E02E9F3188AF05A001A41C7 /* AppKit.framework */ = {isa = PBXFileReference; lastKnownFileType = wrapper.framework; name = AppKit.framework; path = System/Library/Frameworks/AppKit.framework; sourceTree = SDKROOT; };
		7E02E9F4188AF05A001A41C7 /* CoreData.framework */ = {isa = PBXFileReference; lastKnownFileType = wrapper.framework; name = CoreData.framework; path = System/Library/Frameworks/CoreData.framework; sourceTree = SDKROOT; };
		7E02E9F5188AF05A001A41C7 /* Foundation.framework */ = {isa = PBXFileReference; lastKnownFileType = wrapper.framework; name = Foundation.framework; path = System/Library/Frameworks/Foundation.framework; sourceTree = SDKROOT; };
		7E02E9F8188AF05A001A41C7 /* Sinister-Info.plist */ = {isa = PBXFileReference; lastKnownFileType = text.plist.xml; path = "Sinister-Info.plist"; sourceTree = "<group>"; };
		7E02E9FA188AF05A001A41C7 /* en */ = {isa = PBXFileReference; lastKnownFileType = text.plist.strings; name = en; path = en.lproj/InfoPlist.strings; sourceTree = "<group>"; };
		7E02E9FC188AF05A001A41C7 /* main.m */ = {isa = PBXFileReference; lastKnownFileType = sourcecode.c.objc; path = main.m; sourceTree = "<group>"; };
		7E02E9FE188AF05A001A41C7 /* Sinister-Prefix.pch */ = {isa = PBXFileReference; lastKnownFileType = sourcecode.c.h; path = "Sinister-Prefix.pch"; sourceTree = "<group>"; };
		7E02EA00188AF05A001A41C7 /* en */ = {isa = PBXFileReference; lastKnownFileType = text.rtf; name = en; path = en.lproj/Credits.rtf; sourceTree = "<group>"; };
		7E02EA02188AF05A001A41C7 /* SRSAppDelegate.h */ = {isa = PBXFileReference; lastKnownFileType = sourcecode.c.h; path = SRSAppDelegate.h; sourceTree = "<group>"; };
		7E02EA03188AF05A001A41C7 /* SRSAppDelegate.m */ = {isa = PBXFileReference; lastKnownFileType = sourcecode.c.objc; path = SRSAppDelegate.m; sourceTree = "<group>"; };
		7E02EA06188AF05A001A41C7 /* Base */ = {isa = PBXFileReference; lastKnownFileType = file.xib; name = Base; path = Base.lproj/MainMenu.xib; sourceTree = "<group>"; };
		7E02EA09188AF05A001A41C7 /* Sinister.xcdatamodel */ = {isa = PBXFileReference; lastKnownFileType = wrapper.xcdatamodel; path = Sinister.xcdatamodel; sourceTree = "<group>"; };
		7E02EA0B188AF05A001A41C7 /* Images.xcassets */ = {isa = PBXFileReference; lastKnownFileType = folder.assetcatalog; path = Images.xcassets; sourceTree = "<group>"; };
		7E02EA11188AF05A001A41C7 /* SinisterTests.xctest */ = {isa = PBXFileReference; explicitFileType = wrapper.cfbundle; includeInIndex = 0; path = SinisterTests.xctest; sourceTree = BUILT_PRODUCTS_DIR; };
		7E02EA12188AF05A001A41C7 /* XCTest.framework */ = {isa = PBXFileReference; lastKnownFileType = wrapper.framework; name = XCTest.framework; path = Library/Frameworks/XCTest.framework; sourceTree = DEVELOPER_DIR; };
		7E02EA19188AF05A001A41C7 /* SinisterTests-Info.plist */ = {isa = PBXFileReference; lastKnownFileType = text.plist.xml; path = "SinisterTests-Info.plist"; sourceTree = "<group>"; };
		7E02EA1B188AF05A001A41C7 /* en */ = {isa = PBXFileReference; lastKnownFileType = text.plist.strings; name = en; path = en.lproj/InfoPlist.strings; sourceTree = "<group>"; };
		7E02EA1D188AF05A001A41C7 /* SinisterTests.m */ = {isa = PBXFileReference; lastKnownFileType = sourcecode.c.objc; path = SinisterTests.m; sourceTree = "<group>"; };
		7E02EA29188AFAEC001A41C7 /* SRSHandHistoriesLocationWindowController.h */ = {isa = PBXFileReference; fileEncoding = 4; lastKnownFileType = sourcecode.c.h; name = SRSHandHistoriesLocationWindowController.h; path = UI/SRSHandHistoriesLocationWindowController.h; sourceTree = "<group>"; };
		7E02EA2A188AFAEC001A41C7 /* SRSHandHistoriesLocationWindowController.m */ = {isa = PBXFileReference; fileEncoding = 4; lastKnownFileType = sourcecode.c.objc; name = SRSHandHistoriesLocationWindowController.m; path = UI/SRSHandHistoriesLocationWindowController.m; sourceTree = "<group>"; };
		7E02EA2B188AFAEC001A41C7 /* SRSHandHistoriesLocationWindowController.xib */ = {isa = PBXFileReference; fileEncoding = 4; lastKnownFileType = file.xib; name = SRSHandHistoriesLocationWindowController.xib; path = UI/SRSHandHistoriesLocationWindowController.xib; sourceTree = "<group>"; };
		7E27A01918A44C9400240919 /* SRSPlayerHandsWindowController.h */ = {isa = PBXFileReference; fileEncoding = 4; lastKnownFileType = sourcecode.c.h; path = SRSPlayerHandsWindowController.h; sourceTree = "<group>"; };
		7E27A01A18A44C9400240919 /* SRSPlayerHandsWindowController.m */ = {isa = PBXFileReference; fileEncoding = 4; lastKnownFileType = sourcecode.c.objc; path = SRSPlayerHandsWindowController.m; sourceTree = "<group>"; };
		7E27A01B18A44C9400240919 /* SRSPlayerHandsWindowController.xib */ = {isa = PBXFileReference; fileEncoding = 4; lastKnownFileType = file.xib; path = SRSPlayerHandsWindowController.xib; sourceTree = "<group>"; };
		7E3E78311895EDA40073A08A /* Card+Constants.h */ = {isa = PBXFileReference; fileEncoding = 4; lastKnownFileType = sourcecode.c.h; name = "Card+Constants.h"; path = "Models/Card+Constants.h"; sourceTree = "<group>"; };
		7E3E78321895EDA40073A08A /* Card+Constants.m */ = {isa = PBXFileReference; fileEncoding = 4; lastKnownFileType = sourcecode.c.objc; name = "Card+Constants.m"; path = "Models/Card+Constants.m"; sourceTree = "<group>"; };
		7E3E78351896F3B20073A08A /* SRSPreferencesWindowController.h */ = {isa = PBXFileReference; fileEncoding = 4; lastKnownFileType = sourcecode.c.h; path = SRSPreferencesWindowController.h; sourceTree = "<group>"; };
		7E3E78361896F3B20073A08A /* SRSPreferencesWindowController.m */ = {isa = PBXFileReference; fileEncoding = 4; lastKnownFileType = sourcecode.c.objc; path = SRSPreferencesWindowController.m; sourceTree = "<group>"; };
		7E3E78371896F3B20073A08A /* SRSPreferencesWindowController.xib */ = {isa = PBXFileReference; fileEncoding = 4; lastKnownFileType = file.xib; path = SRSPreferencesWindowController.xib; sourceTree = "<group>"; };
		7E3E783A1896FE0C0073A08A /* SRSParseEngineWindowController.h */ = {isa = PBXFileReference; fileEncoding = 4; lastKnownFileType = sourcecode.c.h; name = SRSParseEngineWindowController.h; path = Internal/SRSParseEngineWindowController.h; sourceTree = "<group>"; };
		7E3E783B1896FE0C0073A08A /* SRSParseEngineWindowController.m */ = {isa = PBXFileReference; fileEncoding = 4; lastKnownFileType = sourcecode.c.objc; name = SRSParseEngineWindowController.m; path = Internal/SRSParseEngineWindowController.m; sourceTree = "<group>"; };
		7E3E783C1896FE0C0073A08A /* SRSParseEngineWindowController.xib */ = {isa = PBXFileReference; fileEncoding = 4; lastKnownFileType = file.xib; name = SRSParseEngineWindowController.xib; path = Internal/SRSParseEngineWindowController.xib; sourceTree = "<group>"; };
		7E3E7851189757270073A08A /* Player+Stats.h */ = {isa = PBXFileReference; fileEncoding = 4; lastKnownFileType = sourcecode.c.h; name = "Player+Stats.h"; path = "Models/Player+Stats.h"; sourceTree = "<group>"; };
		7E3E7852189757270073A08A /* Player+Stats.m */ = {isa = PBXFileReference; fileEncoding = 4; lastKnownFileType = sourcecode.c.objc; name = "Player+Stats.m"; path = "Models/Player+Stats.m"; sourceTree = "<group>"; };
		7E3E78541897589F0073A08A /* SRSPlayerStatsWindowController.h */ = {isa = PBXFileReference; fileEncoding = 4; lastKnownFileType = sourcecode.c.h; path = SRSPlayerStatsWindowController.h; sourceTree = "<group>"; };
		7E3E78551897589F0073A08A /* SRSPlayerStatsWindowController.m */ = {isa = PBXFileReference; fileEncoding = 4; lastKnownFileType = sourcecode.c.objc; path = SRSPlayerStatsWindowController.m; sourceTree = "<group>"; };
		7E3E78561897589F0073A08A /* SRSPlayerStatsWindowController.xib */ = {isa = PBXFileReference; fileEncoding = 4; lastKnownFileType = file.xib; path = SRSPlayerStatsWindowController.xib; sourceTree = "<group>"; };
		7E3E786B189855F80073A08A /* Hand+Stats.h */ = {isa = PBXFileReference; fileEncoding = 4; lastKnownFileType = sourcecode.c.h; name = "Hand+Stats.h"; path = "Models/Hand+Stats.h"; sourceTree = "<group>"; };
		7E3E786C189855F80073A08A /* Hand+Stats.m */ = {isa = PBXFileReference; fileEncoding = 4; lastKnownFileType = sourcecode.c.objc; name = "Hand+Stats.m"; path = "Models/Hand+Stats.m"; sourceTree = "<group>"; };
		7E448F84188B0B6F00D88D5A /* SRSMavenHandFileParser.h */ = {isa = PBXFileReference; fileEncoding = 4; lastKnownFileType = sourcecode.c.h; path = SRSMavenHandFileParser.h; sourceTree = "<group>"; };
		7E448F85188B0B6F00D88D5A /* SRSMavenHandFileParser.m */ = {isa = PBXFileReference; fileEncoding = 4; lastKnownFileType = sourcecode.c.objc; path = SRSMavenHandFileParser.m; sourceTree = "<group>"; };
		7E448F87188B0C1D00D88D5A /* SRSMavenLogParserTest.m */ = {isa = PBXFileReference; fileEncoding = 4; lastKnownFileType = sourcecode.c.objc; path = SRSMavenLogParserTest.m; sourceTree = "<group>"; };
		7E448FB3188F5EC800D88D5A /* Action+Constants.h */ = {isa = PBXFileReference; fileEncoding = 4; lastKnownFileType = sourcecode.c.h; name = "Action+Constants.h"; path = "Models/Action+Constants.h"; sourceTree = "<group>"; };
		7E448FB4188F5EC800D88D5A /* Action+Constants.m */ = {isa = PBXFileReference; fileEncoding = 4; lastKnownFileType = sourcecode.c.objc; name = "Action+Constants.m"; path = "Models/Action+Constants.m"; sourceTree = "<group>"; };
		7E9C3568189C505E002C47A2 /* Player.h */ = {isa = PBXFileReference; fileEncoding = 4; lastKnownFileType = sourcecode.c.h; name = Player.h; path = Models/Player.h; sourceTree = "<group>"; };
		7E9C3569189C505E002C47A2 /* Player.m */ = {isa = PBXFileReference; fileEncoding = 4; lastKnownFileType = sourcecode.c.objc; name = Player.m; path = Models/Player.m; sourceTree = "<group>"; };
		7E9C356B189C505F002C47A2 /* Action.h */ = {isa = PBXFileReference; fileEncoding = 4; lastKnownFileType = sourcecode.c.h; name = Action.h; path = Models/Action.h; sourceTree = "<group>"; };
		7E9C356C189C505F002C47A2 /* Action.m */ = {isa = PBXFileReference; fileEncoding = 4; lastKnownFileType = sourcecode.c.objc; name = Action.m; path = Models/Action.m; sourceTree = "<group>"; };
		7E9C356E189C505F002C47A2 /* Hand.h */ = {isa = PBXFileReference; fileEncoding = 4; lastKnownFileType = sourcecode.c.h; name = Hand.h; path = Models/Hand.h; sourceTree = "<group>"; };
		7E9C356F189C505F002C47A2 /* Hand.m */ = {isa = PBXFileReference; fileEncoding = 4; lastKnownFileType = sourcecode.c.objc; name = Hand.m; path = Models/Hand.m; sourceTree = "<group>"; };
		7E9C3571189C505F002C47A2 /* Seat.h */ = {isa = PBXFileReference; fileEncoding = 4; lastKnownFileType = sourcecode.c.h; name = Seat.h; path = Models/Seat.h; sourceTree = "<group>"; };
		7E9C3572189C505F002C47A2 /* Seat.m */ = {isa = PBXFileReference; fileEncoding = 4; lastKnownFileType = sourcecode.c.objc; name = Seat.m; path = Models/Seat.m; sourceTree = "<group>"; };
		7E9C3574189C505F002C47A2 /* Card.h */ = {isa = PBXFileReference; fileEncoding = 4; lastKnownFileType = sourcecode.c.h; name = Card.h; path = Models/Card.h; sourceTree = "<group>"; };
		7E9C3575189C505F002C47A2 /* Card.m */ = {isa = PBXFileReference; fileEncoding = 4; lastKnownFileType = sourcecode.c.objc; name = Card.m; path = Models/Card.m; sourceTree = "<group>"; };
		7E9C3577189C505F002C47A2 /* Site.h */ = {isa = PBXFileReference; fileEncoding = 4; lastKnownFileType = sourcecode.c.h; name = Site.h; path = Models/Site.h; sourceTree = "<group>"; };
		7E9C3578189C505F002C47A2 /* Site.m */ = {isa = PBXFileReference; fileEncoding = 4; lastKnownFileType = sourcecode.c.objc; name = Site.m; path = Models/Site.m; sourceTree = "<group>"; };
		7E9C357A189C56BC002C47A2 /* SRSHandExpectedValueWindowController.h */ = {isa = PBXFileReference; fileEncoding = 4; lastKnownFileType = sourcecode.c.h; path = SRSHandExpectedValueWindowController.h; sourceTree = "<group>"; };
		7E9C357B189C56BC002C47A2 /* SRSHandExpectedValueWindowController.m */ = {isa = PBXFileReference; fileEncoding = 4; lastKnownFileType = sourcecode.c.objc; path = SRSHandExpectedValueWindowController.m; sourceTree = "<group>"; };
		7E9C357C189C56BC002C47A2 /* SRSHandExpectedValueWindowController.xib */ = {isa = PBXFileReference; fileEncoding = 4; lastKnownFileType = file.xib; path = SRSHandExpectedValueWindowController.xib; sourceTree = "<group>"; };
		7E9C3580189C87D9002C47A2 /* SRSHandExpectedValue.h */ = {isa = PBXFileReference; fileEncoding = 4; lastKnownFileType = sourcecode.c.h; name = SRSHandExpectedValue.h; path = Models/SRSHandExpectedValue.h; sourceTree = "<group>"; };
		7E9C3581189C87D9002C47A2 /* SRSHandExpectedValue.m */ = {isa = PBXFileReference; fileEncoding = 4; lastKnownFileType = sourcecode.c.objc; name = SRSHandExpectedValue.m; path = Models/SRSHandExpectedValue.m; sourceTree = "<group>"; };
/* End PBXFileReference section */

/* Begin PBXFrameworksBuildPhase section */
		7E02E9EA188AF05A001A41C7 /* Frameworks */ = {
			isa = PBXFrameworksBuildPhase;
			buildActionMask = 2147483647;
			files = (
				7E02E9F1188AF05A001A41C7 /* Cocoa.framework in Frameworks */,
			);
			runOnlyForDeploymentPostprocessing = 0;
		};
		7E02EA0E188AF05A001A41C7 /* Frameworks */ = {
			isa = PBXFrameworksBuildPhase;
			buildActionMask = 2147483647;
			files = (
				7E02EA14188AF05A001A41C7 /* Cocoa.framework in Frameworks */,
				7E02EA13188AF05A001A41C7 /* XCTest.framework in Frameworks */,
			);
			runOnlyForDeploymentPostprocessing = 0;
		};
/* End PBXFrameworksBuildPhase section */

/* Begin PBXGroup section */
		7E02E9E4188AF05A001A41C7 = {
			isa = PBXGroup;
			children = (
				7E02E9F6188AF05A001A41C7 /* Sinister */,
				7E02EA17188AF05A001A41C7 /* SinisterTests */,
				7E02E9EF188AF05A001A41C7 /* Frameworks */,
				7E02E9EE188AF05A001A41C7 /* Products */,
			);
			sourceTree = "<group>";
		};
		7E02E9EE188AF05A001A41C7 /* Products */ = {
			isa = PBXGroup;
			children = (
				7E02E9ED188AF05A001A41C7 /* Sinister.app */,
				7E02EA11188AF05A001A41C7 /* SinisterTests.xctest */,
			);
			name = Products;
			sourceTree = "<group>";
		};
		7E02E9EF188AF05A001A41C7 /* Frameworks */ = {
			isa = PBXGroup;
			children = (
				7E02E9F0188AF05A001A41C7 /* Cocoa.framework */,
				7E02EA12188AF05A001A41C7 /* XCTest.framework */,
				7E02E9F2188AF05A001A41C7 /* Other Frameworks */,
			);
			name = Frameworks;
			sourceTree = "<group>";
		};
		7E02E9F2188AF05A001A41C7 /* Other Frameworks */ = {
			isa = PBXGroup;
			children = (
				7E02E9F3188AF05A001A41C7 /* AppKit.framework */,
				7E02E9F4188AF05A001A41C7 /* CoreData.framework */,
				7E02E9F5188AF05A001A41C7 /* Foundation.framework */,
			);
			name = "Other Frameworks";
			sourceTree = "<group>";
		};
		7E02E9F6188AF05A001A41C7 /* Sinister */ = {
			isa = PBXGroup;
			children = (
				7E3E78341896F1B60073A08A /* Models */,
				7E02EA02188AF05A001A41C7 /* SRSAppDelegate.h */,
				7E02EA03188AF05A001A41C7 /* SRSAppDelegate.m */,
				7E02EA05188AF05A001A41C7 /* MainMenu.xib */,
				7E02EA0B188AF05A001A41C7 /* Images.xcassets */,
				7E02EA08188AF05A001A41C7 /* Sinister.xcdatamodeld */,
				7E9C3568189C505E002C47A2 /* Player.h */,
				7E9C3569189C505E002C47A2 /* Player.m */,
				7E9C356B189C505F002C47A2 /* Action.h */,
				7E9C356C189C505F002C47A2 /* Action.m */,
				7E9C356E189C505F002C47A2 /* Hand.h */,
				7E9C356F189C505F002C47A2 /* Hand.m */,
				7E9C3571189C505F002C47A2 /* Seat.h */,
				7E9C3572189C505F002C47A2 /* Seat.m */,
				7E9C3574189C505F002C47A2 /* Card.h */,
				7E9C3575189C505F002C47A2 /* Card.m */,
				7E9C3577189C505F002C47A2 /* Site.h */,
				7E9C3578189C505F002C47A2 /* Site.m */,
				7E02E9F7188AF05A001A41C7 /* Supporting Files */,
				7E02EA29188AFAEC001A41C7 /* SRSHandHistoriesLocationWindowController.h */,
				7E02EA2A188AFAEC001A41C7 /* SRSHandHistoriesLocationWindowController.m */,
				7E02EA2B188AFAEC001A41C7 /* SRSHandHistoriesLocationWindowController.xib */,
				7E448F84188B0B6F00D88D5A /* SRSMavenHandFileParser.h */,
				7E448F85188B0B6F00D88D5A /* SRSMavenHandFileParser.m */,
				7E3E78351896F3B20073A08A /* SRSPreferencesWindowController.h */,
				7E3E78361896F3B20073A08A /* SRSPreferencesWindowController.m */,
				7E3E78371896F3B20073A08A /* SRSPreferencesWindowController.xib */,
				7E3E783A1896FE0C0073A08A /* SRSParseEngineWindowController.h */,
				7E3E783B1896FE0C0073A08A /* SRSParseEngineWindowController.m */,
				7E3E783C1896FE0C0073A08A /* SRSParseEngineWindowController.xib */,
				7E3E78541897589F0073A08A /* SRSPlayerStatsWindowController.h */,
				7E3E78551897589F0073A08A /* SRSPlayerStatsWindowController.m */,
				7E3E78561897589F0073A08A /* SRSPlayerStatsWindowController.xib */,
				7E9C357A189C56BC002C47A2 /* SRSHandExpectedValueWindowController.h */,
				7E9C357B189C56BC002C47A2 /* SRSHandExpectedValueWindowController.m */,
				7E9C357C189C56BC002C47A2 /* SRSHandExpectedValueWindowController.xib */,
				7E27A01918A44C9400240919 /* SRSPlayerHandsWindowController.h */,
				7E27A01A18A44C9400240919 /* SRSPlayerHandsWindowController.m */,
				7E27A01B18A44C9400240919 /* SRSPlayerHandsWindowController.xib */,
			);
			path = Sinister;
			sourceTree = "<group>";
		};
		7E02E9F7188AF05A001A41C7 /* Supporting Files */ = {
			isa = PBXGroup;
			children = (
				7E02E9F8188AF05A001A41C7 /* Sinister-Info.plist */,
				7E02E9F9188AF05A001A41C7 /* InfoPlist.strings */,
				7E02E9FC188AF05A001A41C7 /* main.m */,
				7E02E9FE188AF05A001A41C7 /* Sinister-Prefix.pch */,
				7E02E9FF188AF05A001A41C7 /* Credits.rtf */,
			);
			name = "Supporting Files";
			sourceTree = "<group>";
		};
		7E02EA17188AF05A001A41C7 /* SinisterTests */ = {
			isa = PBXGroup;
			children = (
				7E02EA1D188AF05A001A41C7 /* SinisterTests.m */,
				7E02EA18188AF05A001A41C7 /* Supporting Files */,
				7E448F87188B0C1D00D88D5A /* SRSMavenLogParserTest.m */,
			);
			path = SinisterTests;
			sourceTree = "<group>";
		};
		7E02EA18188AF05A001A41C7 /* Supporting Files */ = {
			isa = PBXGroup;
			children = (
				7E02EA19188AF05A001A41C7 /* SinisterTests-Info.plist */,
				7E02EA1A188AF05A001A41C7 /* InfoPlist.strings */,
			);
			name = "Supporting Files";
			sourceTree = "<group>";
		};
		7E3E78341896F1B60073A08A /* Models */ = {
			isa = PBXGroup;
			children = (
				7E448FB3188F5EC800D88D5A /* Action+Constants.h */,
				7E448FB4188F5EC800D88D5A /* Action+Constants.m */,
				7E3E78311895EDA40073A08A /* Card+Constants.h */,
				7E3E78321895EDA40073A08A /* Card+Constants.m */,
				7E3E7851189757270073A08A /* Player+Stats.h */,
				7E3E7852189757270073A08A /* Player+Stats.m */,
				7E3E786B189855F80073A08A /* Hand+Stats.h */,
				7E3E786C189855F80073A08A /* Hand+Stats.m */,
				7E9C3580189C87D9002C47A2 /* SRSHandExpectedValue.h */,
				7E9C3581189C87D9002C47A2 /* SRSHandExpectedValue.m */,
			);
			name = Models;
			sourceTree = "<group>";
		};
/* End PBXGroup section */

/* Begin PBXNativeTarget section */
		7E02E9EC188AF05A001A41C7 /* Sinister */ = {
			isa = PBXNativeTarget;
			buildConfigurationList = 7E02EA21188AF05A001A41C7 /* Build configuration list for PBXNativeTarget "Sinister" */;
			buildPhases = (
				7E02E9E9188AF05A001A41C7 /* Sources */,
				7E02E9EA188AF05A001A41C7 /* Frameworks */,
				7E02E9EB188AF05A001A41C7 /* Resources */,
			);
			buildRules = (
			);
			dependencies = (
			);
			name = Sinister;
			productName = Sinister;
			productReference = 7E02E9ED188AF05A001A41C7 /* Sinister.app */;
			productType = "com.apple.product-type.application";
		};
		7E02EA10188AF05A001A41C7 /* SinisterTests */ = {
			isa = PBXNativeTarget;
			buildConfigurationList = 7E02EA24188AF05A001A41C7 /* Build configuration list for PBXNativeTarget "SinisterTests" */;
			buildPhases = (
				7E02EA0D188AF05A001A41C7 /* Sources */,
				7E02EA0E188AF05A001A41C7 /* Frameworks */,
				7E02EA0F188AF05A001A41C7 /* Resources */,
			);
			buildRules = (
			);
			dependencies = (
				7E02EA16188AF05A001A41C7 /* PBXTargetDependency */,
			);
			name = SinisterTests;
			productName = SinisterTests;
			productReference = 7E02EA11188AF05A001A41C7 /* SinisterTests.xctest */;
			productType = "com.apple.product-type.bundle.unit-test";
		};
/* End PBXNativeTarget section */

/* Begin PBXProject section */
		7E02E9E5188AF05A001A41C7 /* Project object */ = {
			isa = PBXProject;
			attributes = {
				CLASSPREFIX = SRS;
				LastUpgradeCheck = 0500;
				ORGANIZATIONNAME = "Cameron Hotchkies";
				TargetAttributes = {
					7E02EA10188AF05A001A41C7 = {
						TestTargetID = 7E02E9EC188AF05A001A41C7;
					};
				};
			};
			buildConfigurationList = 7E02E9E8188AF05A001A41C7 /* Build configuration list for PBXProject "Sinister" */;
			compatibilityVersion = "Xcode 3.2";
			developmentRegion = English;
			hasScannedForEncodings = 0;
			knownRegions = (
				en,
				Base,
			);
			mainGroup = 7E02E9E4188AF05A001A41C7;
			productRefGroup = 7E02E9EE188AF05A001A41C7 /* Products */;
			projectDirPath = "";
			projectRoot = "";
			targets = (
				7E02E9EC188AF05A001A41C7 /* Sinister */,
				7E02EA10188AF05A001A41C7 /* SinisterTests */,
			);
		};
/* End PBXProject section */

/* Begin PBXResourcesBuildPhase section */
		7E02E9EB188AF05A001A41C7 /* Resources */ = {
			isa = PBXResourcesBuildPhase;
			buildActionMask = 2147483647;
			files = (
				7E9C357E189C56BC002C47A2 /* SRSHandExpectedValueWindowController.xib in Resources */,
				7E02EA2D188AFAEC001A41C7 /* SRSHandHistoriesLocationWindowController.xib in Resources */,
				7E27A01D18A44C9400240919 /* SRSPlayerHandsWindowController.xib in Resources */,
				7E02E9FB188AF05A001A41C7 /* InfoPlist.strings in Resources */,
				7E02EA0C188AF05A001A41C7 /* Images.xcassets in Resources */,
				7E02EA01188AF05A001A41C7 /* Credits.rtf in Resources */,
				7E02EA07188AF05A001A41C7 /* MainMenu.xib in Resources */,
				7E3E783E1896FE0C0073A08A /* SRSParseEngineWindowController.xib in Resources */,
				7E3E78391896F3B20073A08A /* SRSPreferencesWindowController.xib in Resources */,
				7E3E78581897589F0073A08A /* SRSPlayerStatsWindowController.xib in Resources */,
			);
			runOnlyForDeploymentPostprocessing = 0;
		};
		7E02EA0F188AF05A001A41C7 /* Resources */ = {
			isa = PBXResourcesBuildPhase;
			buildActionMask = 2147483647;
			files = (
				7E02EA1C188AF05A001A41C7 /* InfoPlist.strings in Resources */,
			);
			runOnlyForDeploymentPostprocessing = 0;
		};
/* End PBXResourcesBuildPhase section */

/* Begin PBXSourcesBuildPhase section */
		7E02E9E9188AF05A001A41C7 /* Sources */ = {
			isa = PBXSourcesBuildPhase;
			buildActionMask = 2147483647;
			files = (
				7E27A01C18A44C9400240919 /* SRSPlayerHandsWindowController.m in Sources */,
				7E3E7853189757270073A08A /* Player+Stats.m in Sources */,
				7E02EA0A188AF05A001A41C7 /* Sinister.xcdatamodeld in Sources */,
				7E3E783D1896FE0C0073A08A /* SRSParseEngineWindowController.m in Sources */,
				7E3E78381896F3B20073A08A /* SRSPreferencesWindowController.m in Sources */,
				7E3E78331895EDA40073A08A /* Card+Constants.m in Sources */,
				7E9C3576189C505F002C47A2 /* Card.m in Sources */,
				7E9C3570189C505F002C47A2 /* Hand.m in Sources */,
				7E3E78571897589F0073A08A /* SRSPlayerStatsWindowController.m in Sources */,
				7E9C3579189C505F002C47A2 /* Site.m in Sources */,
				7E9C3573189C505F002C47A2 /* Seat.m in Sources */,
				7E02EA2C188AFAEC001A41C7 /* SRSHandHistoriesLocationWindowController.m in Sources */,
				7E9C3582189C87D9002C47A2 /* SRSHandExpectedValue.m in Sources */,
				7E02E9FD188AF05A001A41C7 /* main.m in Sources */,
				7E3E786D189855F80073A08A /* Hand+Stats.m in Sources */,
				7E448FB5188F5EC800D88D5A /* Action+Constants.m in Sources */,
				7E9C357D189C56BC002C47A2 /* SRSHandExpectedValueWindowController.m in Sources */,
				7E02EA04188AF05A001A41C7 /* SRSAppDelegate.m in Sources */,
				7E9C356D189C505F002C47A2 /* Action.m in Sources */,
				7E9C356A189C505E002C47A2 /* Player.m in Sources */,
				7E448F86188B0B6F00D88D5A /* SRSMavenHandFileParser.m in Sources */,
			);
			runOnlyForDeploymentPostprocessing = 0;
		};
		7E02EA0D188AF05A001A41C7 /* Sources */ = {
			isa = PBXSourcesBuildPhase;
			buildActionMask = 2147483647;
			files = (
				7E448F88188B0C1D00D88D5A /* SRSMavenLogParserTest.m in Sources */,
				7E02EA1E188AF05A001A41C7 /* SinisterTests.m in Sources */,
			);
			runOnlyForDeploymentPostprocessing = 0;
		};
/* End PBXSourcesBuildPhase section */

/* Begin PBXTargetDependency section */
		7E02EA16188AF05A001A41C7 /* PBXTargetDependency */ = {
			isa = PBXTargetDependency;
			target = 7E02E9EC188AF05A001A41C7 /* Sinister */;
			targetProxy = 7E02EA15188AF05A001A41C7 /* PBXContainerItemProxy */;
		};
/* End PBXTargetDependency section */

/* Begin PBXVariantGroup section */
		7E02E9F9188AF05A001A41C7 /* InfoPlist.strings */ = {
			isa = PBXVariantGroup;
			children = (
				7E02E9FA188AF05A001A41C7 /* en */,
			);
			name = InfoPlist.strings;
			sourceTree = "<group>";
		};
		7E02E9FF188AF05A001A41C7 /* Credits.rtf */ = {
			isa = PBXVariantGroup;
			children = (
				7E02EA00188AF05A001A41C7 /* en */,
			);
			name = Credits.rtf;
			sourceTree = "<group>";
		};
		7E02EA05188AF05A001A41C7 /* MainMenu.xib */ = {
			isa = PBXVariantGroup;
			children = (
				7E02EA06188AF05A001A41C7 /* Base */,
			);
			name = MainMenu.xib;
			sourceTree = "<group>";
		};
		7E02EA1A188AF05A001A41C7 /* InfoPlist.strings */ = {
			isa = PBXVariantGroup;
			children = (
				7E02EA1B188AF05A001A41C7 /* en */,
			);
			name = InfoPlist.strings;
			sourceTree = "<group>";
		};
/* End PBXVariantGroup section */

/* Begin XCBuildConfiguration section */
		7E02EA1F188AF05A001A41C7 /* Debug */ = {
			isa = XCBuildConfiguration;
			buildSettings = {
				ALWAYS_SEARCH_USER_PATHS = NO;
				CLANG_CXX_LANGUAGE_STANDARD = "gnu++0x";
				CLANG_CXX_LIBRARY = "libc++";
				CLANG_ENABLE_OBJC_ARC = YES;
				CLANG_WARN_BOOL_CONVERSION = YES;
				CLANG_WARN_CONSTANT_CONVERSION = YES;
				CLANG_WARN_DIRECT_OBJC_ISA_USAGE = YES_ERROR;
				CLANG_WARN_EMPTY_BODY = YES;
				CLANG_WARN_ENUM_CONVERSION = YES;
				CLANG_WARN_INT_CONVERSION = YES;
				CLANG_WARN_OBJC_ROOT_CLASS = YES_ERROR;
				CLANG_WARN__DUPLICATE_METHOD_MATCH = YES;
				COPY_PHASE_STRIP = NO;
				GCC_C_LANGUAGE_STANDARD = gnu99;
				GCC_DYNAMIC_NO_PIC = NO;
				GCC_ENABLE_OBJC_EXCEPTIONS = YES;
				GCC_OPTIMIZATION_LEVEL = 0;
				GCC_PREPROCESSOR_DEFINITIONS = (
					"DEBUG=1",
					"$(inherited)",
				);
				GCC_SYMBOLS_PRIVATE_EXTERN = NO;
				GCC_WARN_64_TO_32_BIT_CONVERSION = YES;
				GCC_WARN_ABOUT_RETURN_TYPE = YES_ERROR;
				GCC_WARN_UNDECLARED_SELECTOR = YES;
				GCC_WARN_UNINITIALIZED_AUTOS = YES;
				GCC_WARN_UNUSED_FUNCTION = YES;
				GCC_WARN_UNUSED_VARIABLE = YES;
				MACOSX_DEPLOYMENT_TARGET = 10.9;
				ONLY_ACTIVE_ARCH = YES;
				SDKROOT = macosx;
			};
			name = Debug;
		};
		7E02EA20188AF05A001A41C7 /* Release */ = {
			isa = XCBuildConfiguration;
			buildSettings = {
				ALWAYS_SEARCH_USER_PATHS = NO;
				CLANG_CXX_LANGUAGE_STANDARD = "gnu++0x";
				CLANG_CXX_LIBRARY = "libc++";
				CLANG_ENABLE_OBJC_ARC = YES;
				CLANG_WARN_BOOL_CONVERSION = YES;
				CLANG_WARN_CONSTANT_CONVERSION = YES;
				CLANG_WARN_DIRECT_OBJC_ISA_USAGE = YES_ERROR;
				CLANG_WARN_EMPTY_BODY = YES;
				CLANG_WARN_ENUM_CONVERSION = YES;
				CLANG_WARN_INT_CONVERSION = YES;
				CLANG_WARN_OBJC_ROOT_CLASS = YES_ERROR;
				CLANG_WARN__DUPLICATE_METHOD_MATCH = YES;
				COPY_PHASE_STRIP = YES;
				DEBUG_INFORMATION_FORMAT = "dwarf-with-dsym";
				ENABLE_NS_ASSERTIONS = NO;
				GCC_C_LANGUAGE_STANDARD = gnu99;
				GCC_ENABLE_OBJC_EXCEPTIONS = YES;
				GCC_WARN_64_TO_32_BIT_CONVERSION = YES;
				GCC_WARN_ABOUT_RETURN_TYPE = YES_ERROR;
				GCC_WARN_UNDECLARED_SELECTOR = YES;
				GCC_WARN_UNINITIALIZED_AUTOS = YES;
				GCC_WARN_UNUSED_FUNCTION = YES;
				GCC_WARN_UNUSED_VARIABLE = YES;
				MACOSX_DEPLOYMENT_TARGET = 10.9;
				SDKROOT = macosx;
			};
			name = Release;
		};
		7E02EA22188AF05A001A41C7 /* Debug */ = {
			isa = XCBuildConfiguration;
			buildSettings = {
				ASSETCATALOG_COMPILER_APPICON_NAME = AppIcon;
				COMBINE_HIDPI_IMAGES = YES;
				GCC_PRECOMPILE_PREFIX_HEADER = YES;
				GCC_PREFIX_HEADER = "Sinister/Sinister-Prefix.pch";
				INFOPLIST_FILE = "Sinister/Sinister-Info.plist";
				PRODUCT_NAME = "$(TARGET_NAME)";
				WRAPPER_EXTENSION = app;
			};
			name = Debug;
		};
		7E02EA23188AF05A001A41C7 /* Release */ = {
			isa = XCBuildConfiguration;
			buildSettings = {
				ASSETCATALOG_COMPILER_APPICON_NAME = AppIcon;
				COMBINE_HIDPI_IMAGES = YES;
				GCC_PRECOMPILE_PREFIX_HEADER = YES;
				GCC_PREFIX_HEADER = "Sinister/Sinister-Prefix.pch";
				INFOPLIST_FILE = "Sinister/Sinister-Info.plist";
				PRODUCT_NAME = "$(TARGET_NAME)";
				WRAPPER_EXTENSION = app;
			};
			name = Release;
		};
		7E02EA25188AF05A001A41C7 /* Debug */ = {
			isa = XCBuildConfiguration;
			buildSettings = {
				BUNDLE_LOADER = "$(BUILT_PRODUCTS_DIR)/Sinister.app/Contents/MacOS/Sinister";
				COMBINE_HIDPI_IMAGES = YES;
				FRAMEWORK_SEARCH_PATHS = (
					"$(DEVELOPER_FRAMEWORKS_DIR)",
					"$(inherited)",
				);
				GCC_PRECOMPILE_PREFIX_HEADER = YES;
				GCC_PREFIX_HEADER = "Sinister/Sinister-Prefix.pch";
				GCC_PREPROCESSOR_DEFINITIONS = (
					"DEBUG=1",
					"$(inherited)",
				);
				INFOPLIST_FILE = "SinisterTests/SinisterTests-Info.plist";
				PRODUCT_NAME = "$(TARGET_NAME)";
				TEST_HOST = "$(BUNDLE_LOADER)";
				WRAPPER_EXTENSION = xctest;
			};
			name = Debug;
		};
		7E02EA26188AF05A001A41C7 /* Release */ = {
			isa = XCBuildConfiguration;
			buildSettings = {
				BUNDLE_LOADER = "$(BUILT_PRODUCTS_DIR)/Sinister.app/Contents/MacOS/Sinister";
				COMBINE_HIDPI_IMAGES = YES;
				FRAMEWORK_SEARCH_PATHS = (
					"$(DEVELOPER_FRAMEWORKS_DIR)",
					"$(inherited)",
				);
				GCC_PRECOMPILE_PREFIX_HEADER = YES;
				GCC_PREFIX_HEADER = "Sinister/Sinister-Prefix.pch";
				INFOPLIST_FILE = "SinisterTests/SinisterTests-Info.plist";
				PRODUCT_NAME = "$(TARGET_NAME)";
				TEST_HOST = "$(BUNDLE_LOADER)";
				WRAPPER_EXTENSION = xctest;
			};
			name = Release;
		};
/* End XCBuildConfiguration section */

/* Begin XCConfigurationList section */
		7E02E9E8188AF05A001A41C7 /* Build configuration list for PBXProject "Sinister" */ = {
			isa = XCConfigurationList;
			buildConfigurations = (
				7E02EA1F188AF05A001A41C7 /* Debug */,
				7E02EA20188AF05A001A41C7 /* Release */,
			);
			defaultConfigurationIsVisible = 0;
			defaultConfigurationName = Release;
		};
		7E02EA21188AF05A001A41C7 /* Build configuration list for PBXNativeTarget "Sinister" */ = {
			isa = XCConfigurationList;
			buildConfigurations = (
				7E02EA22188AF05A001A41C7 /* Debug */,
				7E02EA23188AF05A001A41C7 /* Release */,
			);
			defaultConfigurationIsVisible = 0;
			defaultConfigurationName = Release;
		};
		7E02EA24188AF05A001A41C7 /* Build configuration list for PBXNativeTarget "SinisterTests" */ = {
			isa = XCConfigurationList;
			buildConfigurations = (
				7E02EA25188AF05A001A41C7 /* Debug */,
				7E02EA26188AF05A001A41C7 /* Release */,
			);
			defaultConfigurationIsVisible = 0;
			defaultConfigurationName = Release;
		};
/* End XCConfigurationList section */

/* Begin XCVersionGroup section */
		7E02EA08188AF05A001A41C7 /* Sinister.xcdatamodeld */ = {
			isa = XCVersionGroup;
			children = (
				7E02EA09188AF05A001A41C7 /* Sinister.xcdatamodel */,
			);
			currentVersion = 7E02EA09188AF05A001A41C7 /* Sinister.xcdatamodel */;
			path = Sinister.xcdatamodeld;
			sourceTree = "<group>";
			versionGroupType = wrapper.xcdatamodel;
		};
/* End XCVersionGroup section */
	};
	rootObject = 7E02E9E5188AF05A001A41C7 /* Project object */;
}
