// !$*UTF8*$!
{
	archiveVersion = 1;
	classes = {
	};
	objectVersion = 46;
	objects = {

/* Begin PBXBuildFile section */
		7E02E9F1188AF05A001A41C7 /* Cocoa.framework in Frameworks */ = {isa = PBXBuildFile; fileRef = 7E02E9F0188AF05A001A41C7 /* Cocoa.framework */; };
		7E02E9FB188AF05A001A41C7 /* InfoPlist.strings in Resources */ = {isa = PBXBuildFile; fileRef = 7E02E9F9188AF05A001A41C7 /* InfoPlist.strings */; };
		7E02E9FD188AF05A001A41C7 /* main.m in Sources */ = {isa = PBXBuildFile; fileRef = 7E02E9FC188AF05A001A41C7 /* main.m */; };
		7E02EA01188AF05A001A41C7 /* Credits.rtf in Resources */ = {isa = PBXBuildFile; fileRef = 7E02E9FF188AF05A001A41C7 /* Credits.rtf */; };
		7E02EA04188AF05A001A41C7 /* SRSAppDelegate.m in Sources */ = {isa = PBXBuildFile; fileRef = 7E02EA03188AF05A001A41C7 /* SRSAppDelegate.m */; };
		7E02EA07188AF05A001A41C7 /* MainMenu.xib in Resources */ = {isa = PBXBuildFile; fileRef = 7E02EA05188AF05A001A41C7 /* MainMenu.xib */; };
		7E02EA0A188AF05A001A41C7 /* Sinister.xcdatamodeld in Sources */ = {isa = PBXBuildFile; fileRef = 7E02EA08188AF05A001A41C7 /* Sinister.xcdatamodeld */; };
		7E02EA0C188AF05A001A41C7 /* Images.xcassets in Resources */ = {isa = PBXBuildFile; fileRef = 7E02EA0B188AF05A001A41C7 /* Images.xcassets */; };
		7E02EA13188AF05A001A41C7 /* XCTest.framework in Frameworks */ = {isa = PBXBuildFile; fileRef = 7E02EA12188AF05A001A41C7 /* XCTest.framework */; };
		7E02EA14188AF05A001A41C7 /* Cocoa.framework in Frameworks */ = {isa = PBXBuildFile; fileRef = 7E02E9F0188AF05A001A41C7 /* Cocoa.framework */; };
		7E02EA1C188AF05A001A41C7 /* InfoPlist.strings in Resources */ = {isa = PBXBuildFile; fileRef = 7E02EA1A188AF05A001A41C7 /* InfoPlist.strings */; };
		7E02EA1E188AF05A001A41C7 /* SinisterTests.m in Sources */ = {isa = PBXBuildFile; fileRef = 7E02EA1D188AF05A001A41C7 /* SinisterTests.m */; };
		7E02EA2C188AFAEC001A41C7 /* SRSHandHistoriesLocationWindowController.m in Sources */ = {isa = PBXBuildFile; fileRef = 7E02EA2A188AFAEC001A41C7 /* SRSHandHistoriesLocationWindowController.m */; };
		7E02EA2D188AFAEC001A41C7 /* SRSHandHistoriesLocationWindowController.xib in Resources */ = {isa = PBXBuildFile; fileRef = 7E02EA2B188AFAEC001A41C7 /* SRSHandHistoriesLocationWindowController.xib */; };
		7E22D63E18C5468000071FB0 /* SRSDealerButtonView.m in Sources */ = {isa = PBXBuildFile; fileRef = 7E22D63D18C5468000071FB0 /* SRSDealerButtonView.m */; };
		7E22D64118C5739400071FB0 /* SRSSeatBackgroundView.m in Sources */ = {isa = PBXBuildFile; fileRef = 7E22D64018C5739400071FB0 /* SRSSeatBackgroundView.m */; };
		7E27A01C18A44C9400240919 /* SRSPlayerHandsWindowController.m in Sources */ = {isa = PBXBuildFile; fileRef = 7E27A01A18A44C9400240919 /* SRSPlayerHandsWindowController.m */; };
		7E27A01D18A44C9400240919 /* SRSPlayerHandsWindowController.xib in Resources */ = {isa = PBXBuildFile; fileRef = 7E27A01B18A44C9400240919 /* SRSPlayerHandsWindowController.xib */; };
		7E3E78331895EDA40073A08A /* Card+Constants.m in Sources */ = {isa = PBXBuildFile; fileRef = 7E3E78321895EDA40073A08A /* Card+Constants.m */; };
		7E3E78381896F3B20073A08A /* SRSPreferencesWindowController.m in Sources */ = {isa = PBXBuildFile; fileRef = 7E3E78361896F3B20073A08A /* SRSPreferencesWindowController.m */; };
		7E3E78391896F3B20073A08A /* SRSPreferencesWindowController.xib in Resources */ = {isa = PBXBuildFile; fileRef = 7E3E78371896F3B20073A08A /* SRSPreferencesWindowController.xib */; };
		7E3E7853189757270073A08A /* Player+Stats.m in Sources */ = {isa = PBXBuildFile; fileRef = 7E3E7852189757270073A08A /* Player+Stats.m */; };
		7E3E78571897589F0073A08A /* SRSPlayerStatsWindowController.m in Sources */ = {isa = PBXBuildFile; fileRef = 7E3E78551897589F0073A08A /* SRSPlayerStatsWindowController.m */; };
		7E3E78581897589F0073A08A /* SRSPlayerStatsWindowController.xib in Resources */ = {isa = PBXBuildFile; fileRef = 7E3E78561897589F0073A08A /* SRSPlayerStatsWindowController.xib */; };
		7E3E786D189855F80073A08A /* Hand+Stats.m in Sources */ = {isa = PBXBuildFile; fileRef = 7E3E786C189855F80073A08A /* Hand+Stats.m */; };
		7E448F86188B0B6F00D88D5A /* SRSMavenHandFileParser.m in Sources */ = {isa = PBXBuildFile; fileRef = 7E448F85188B0B6F00D88D5A /* SRSMavenHandFileParser.m */; };
		7E448F88188B0C1D00D88D5A /* SRSMavenLogParserTest.m in Sources */ = {isa = PBXBuildFile; fileRef = 7E448F87188B0C1D00D88D5A /* SRSMavenLogParserTest.m */; };
		7E448FB5188F5EC800D88D5A /* Action+Constants.m in Sources */ = {isa = PBXBuildFile; fileRef = 7E448FB4188F5EC800D88D5A /* Action+Constants.m */; };
		7E73539C18C67F4100FCAB31 /* SRSCardView.m in Sources */ = {isa = PBXBuildFile; fileRef = 7E73539B18C67F4100FCAB31 /* SRSCardView.m */; };
		7E7353D718C6946400FCAB31 /* 2C.eps in Resources */ = {isa = PBXBuildFile; fileRef = 7E7353A018C6946400FCAB31 /* 2C.eps */; };
		7E7353D818C6946400FCAB31 /* 3C.eps in Resources */ = {isa = PBXBuildFile; fileRef = 7E7353A118C6946400FCAB31 /* 3C.eps */; };
		7E7353D918C6946400FCAB31 /* 4C.eps in Resources */ = {isa = PBXBuildFile; fileRef = 7E7353A218C6946400FCAB31 /* 4C.eps */; };
		7E7353DA18C6946400FCAB31 /* 5C.eps in Resources */ = {isa = PBXBuildFile; fileRef = 7E7353A318C6946400FCAB31 /* 5C.eps */; };
		7E7353DB18C6946400FCAB31 /* 6C.eps in Resources */ = {isa = PBXBuildFile; fileRef = 7E7353A418C6946400FCAB31 /* 6C.eps */; };
		7E7353DC18C6946400FCAB31 /* 7C.eps in Resources */ = {isa = PBXBuildFile; fileRef = 7E7353A518C6946400FCAB31 /* 7C.eps */; };
		7E7353DD18C6946400FCAB31 /* 8C.eps in Resources */ = {isa = PBXBuildFile; fileRef = 7E7353A618C6946400FCAB31 /* 8C.eps */; };
		7E7353DE18C6946400FCAB31 /* 9C.eps in Resources */ = {isa = PBXBuildFile; fileRef = 7E7353A718C6946400FCAB31 /* 9C.eps */; };
		7E7353DF18C6946400FCAB31 /* AC.eps in Resources */ = {isa = PBXBuildFile; fileRef = 7E7353A818C6946400FCAB31 /* AC.eps */; };
		7E7353E018C6946400FCAB31 /* JC.eps in Resources */ = {isa = PBXBuildFile; fileRef = 7E7353A918C6946400FCAB31 /* JC.eps */; };
		7E7353E118C6946400FCAB31 /* KC.eps in Resources */ = {isa = PBXBuildFile; fileRef = 7E7353AA18C6946400FCAB31 /* KC.eps */; };
		7E7353E218C6946400FCAB31 /* QC.eps in Resources */ = {isa = PBXBuildFile; fileRef = 7E7353AB18C6946400FCAB31 /* QC.eps */; };
		7E7353E418C6946400FCAB31 /* 2D.eps in Resources */ = {isa = PBXBuildFile; fileRef = 7E7353AE18C6946400FCAB31 /* 2D.eps */; };
		7E7353E518C6946400FCAB31 /* 3D.eps in Resources */ = {isa = PBXBuildFile; fileRef = 7E7353AF18C6946400FCAB31 /* 3D.eps */; };
		7E7353E618C6946400FCAB31 /* 4D.eps in Resources */ = {isa = PBXBuildFile; fileRef = 7E7353B018C6946400FCAB31 /* 4D.eps */; };
		7E7353E718C6946400FCAB31 /* 5D.eps in Resources */ = {isa = PBXBuildFile; fileRef = 7E7353B118C6946400FCAB31 /* 5D.eps */; };
		7E7353E818C6946400FCAB31 /* 6D.eps in Resources */ = {isa = PBXBuildFile; fileRef = 7E7353B218C6946400FCAB31 /* 6D.eps */; };
		7E7353E918C6946400FCAB31 /* 7D.eps in Resources */ = {isa = PBXBuildFile; fileRef = 7E7353B318C6946400FCAB31 /* 7D.eps */; };
		7E7353EA18C6946400FCAB31 /* 8D.eps in Resources */ = {isa = PBXBuildFile; fileRef = 7E7353B418C6946400FCAB31 /* 8D.eps */; };
		7E7353EB18C6946400FCAB31 /* 9D.eps in Resources */ = {isa = PBXBuildFile; fileRef = 7E7353B518C6946400FCAB31 /* 9D.eps */; };
		7E7353EC18C6946400FCAB31 /* AD.eps in Resources */ = {isa = PBXBuildFile; fileRef = 7E7353B618C6946400FCAB31 /* AD.eps */; };
		7E7353ED18C6946400FCAB31 /* JD.eps in Resources */ = {isa = PBXBuildFile; fileRef = 7E7353B718C6946400FCAB31 /* JD.eps */; };
		7E7353EE18C6946400FCAB31 /* KD.eps in Resources */ = {isa = PBXBuildFile; fileRef = 7E7353B818C6946400FCAB31 /* KD.eps */; };
		7E7353EF18C6946400FCAB31 /* QD.eps in Resources */ = {isa = PBXBuildFile; fileRef = 7E7353B918C6946400FCAB31 /* QD.eps */; };
		7E7353F118C6946400FCAB31 /* 2H.eps in Resources */ = {isa = PBXBuildFile; fileRef = 7E7353BC18C6946400FCAB31 /* 2H.eps */; };
		7E7353F218C6946400FCAB31 /* 3H.eps in Resources */ = {isa = PBXBuildFile; fileRef = 7E7353BD18C6946400FCAB31 /* 3H.eps */; };
		7E7353F318C6946400FCAB31 /* 4H.eps in Resources */ = {isa = PBXBuildFile; fileRef = 7E7353BE18C6946400FCAB31 /* 4H.eps */; };
		7E7353F418C6946400FCAB31 /* 5H.eps in Resources */ = {isa = PBXBuildFile; fileRef = 7E7353BF18C6946400FCAB31 /* 5H.eps */; };
		7E7353F518C6946400FCAB31 /* 6H.eps in Resources */ = {isa = PBXBuildFile; fileRef = 7E7353C018C6946400FCAB31 /* 6H.eps */; };
		7E7353F618C6946400FCAB31 /* 7H.eps in Resources */ = {isa = PBXBuildFile; fileRef = 7E7353C118C6946400FCAB31 /* 7H.eps */; };
		7E7353F718C6946400FCAB31 /* 8H.eps in Resources */ = {isa = PBXBuildFile; fileRef = 7E7353C218C6946400FCAB31 /* 8H.eps */; };
		7E7353F818C6946400FCAB31 /* 9H.eps in Resources */ = {isa = PBXBuildFile; fileRef = 7E7353C318C6946400FCAB31 /* 9H.eps */; };
		7E7353F918C6946400FCAB31 /* AH.eps in Resources */ = {isa = PBXBuildFile; fileRef = 7E7353C418C6946400FCAB31 /* AH.eps */; };
		7E7353FA18C6946400FCAB31 /* JH.eps in Resources */ = {isa = PBXBuildFile; fileRef = 7E7353C518C6946400FCAB31 /* JH.eps */; };
		7E7353FB18C6946400FCAB31 /* KH.eps in Resources */ = {isa = PBXBuildFile; fileRef = 7E7353C618C6946400FCAB31 /* KH.eps */; };
		7E7353FC18C6946400FCAB31 /* QH.eps in Resources */ = {isa = PBXBuildFile; fileRef = 7E7353C718C6946400FCAB31 /* QH.eps */; };
		7E7353FE18C6946400FCAB31 /* 2S.eps in Resources */ = {isa = PBXBuildFile; fileRef = 7E7353CA18C6946400FCAB31 /* 2S.eps */; };
		7E7353FF18C6946400FCAB31 /* 3S.eps in Resources */ = {isa = PBXBuildFile; fileRef = 7E7353CB18C6946400FCAB31 /* 3S.eps */; };
		7E73540018C6946400FCAB31 /* 4S.eps in Resources */ = {isa = PBXBuildFile; fileRef = 7E7353CC18C6946400FCAB31 /* 4S.eps */; };
		7E73540118C6946400FCAB31 /* 5S.eps in Resources */ = {isa = PBXBuildFile; fileRef = 7E7353CD18C6946400FCAB31 /* 5S.eps */; };
		7E73540218C6946400FCAB31 /* 6S.eps in Resources */ = {isa = PBXBuildFile; fileRef = 7E7353CE18C6946400FCAB31 /* 6S.eps */; };
		7E73540318C6946400FCAB31 /* 7S.eps in Resources */ = {isa = PBXBuildFile; fileRef = 7E7353CF18C6946400FCAB31 /* 7S.eps */; };
		7E73540418C6946400FCAB31 /* 8S.eps in Resources */ = {isa = PBXBuildFile; fileRef = 7E7353D018C6946400FCAB31 /* 8S.eps */; };
		7E73540518C6946400FCAB31 /* 9S.eps in Resources */ = {isa = PBXBuildFile; fileRef = 7E7353D118C6946400FCAB31 /* 9S.eps */; };
		7E73540618C6946400FCAB31 /* AS.eps in Resources */ = {isa = PBXBuildFile; fileRef = 7E7353D218C6946400FCAB31 /* AS.eps */; };
		7E73540718C6946400FCAB31 /* JS.eps in Resources */ = {isa = PBXBuildFile; fileRef = 7E7353D318C6946400FCAB31 /* JS.eps */; };
		7E73540818C6946400FCAB31 /* KS.eps in Resources */ = {isa = PBXBuildFile; fileRef = 7E7353D418C6946400FCAB31 /* KS.eps */; };
		7E73540918C6946400FCAB31 /* QS.eps in Resources */ = {isa = PBXBuildFile; fileRef = 7E7353D518C6946400FCAB31 /* QS.eps */; };
		7E73540B18C6986C00FCAB31 /* Blue_Back.eps in Resources */ = {isa = PBXBuildFile; fileRef = 7E73540A18C6986C00FCAB31 /* Blue_Back.eps */; };
		7E73540D18C8146D00FCAB31 /* TC.eps in Resources */ = {isa = PBXBuildFile; fileRef = 7E73540C18C8146D00FCAB31 /* TC.eps */; };
		7E73540F18C8148200FCAB31 /* TD.eps in Resources */ = {isa = PBXBuildFile; fileRef = 7E73540E18C8148200FCAB31 /* TD.eps */; };
		7E73541118C8149000FCAB31 /* TH.eps in Resources */ = {isa = PBXBuildFile; fileRef = 7E73541018C8149000FCAB31 /* TH.eps */; };
		7E73541318C814A700FCAB31 /* TS.eps in Resources */ = {isa = PBXBuildFile; fileRef = 7E73541218C814A700FCAB31 /* TS.eps */; };
		7E73541618C816B500FCAB31 /* SRSFeltTableView.m in Sources */ = {isa = PBXBuildFile; fileRef = 7E73541518C816B500FCAB31 /* SRSFeltTableView.m */; };
		7E75B23418C28A510062C7AD /* Seat+Stats.m in Sources */ = {isa = PBXBuildFile; fileRef = 7E75B23318C28A510062C7AD /* Seat+Stats.m */; };
		7E75B23718C294030062C7AD /* NSDecimalNumber+Abs.m in Sources */ = {isa = PBXBuildFile; fileRef = 7E75B23618C294030062C7AD /* NSDecimalNumber+Abs.m */; };
		7E75B27C18C2C4AE0062C7AD /* GameFormat+Constants.m in Sources */ = {isa = PBXBuildFile; fileRef = 7E75B27B18C2C4AE0062C7AD /* GameFormat+Constants.m */; };
		7E75B28318C3F6520062C7AD /* SRSHandReplayWindowController.m in Sources */ = {isa = PBXBuildFile; fileRef = 7E75B28118C3F6520062C7AD /* SRSHandReplayWindowController.m */; };
		7E75B28418C3F6520062C7AD /* SRSHandReplayWindowController.xib in Resources */ = {isa = PBXBuildFile; fileRef = 7E75B28218C3F6520062C7AD /* SRSHandReplayWindowController.xib */; };
		7E75B28818C3FCD10062C7AD /* SRSSeatViewController.m in Sources */ = {isa = PBXBuildFile; fileRef = 7E75B28618C3FCD10062C7AD /* SRSSeatViewController.m */; };
		7E75B28918C3FCD10062C7AD /* SRSSeatViewController.xib in Resources */ = {isa = PBXBuildFile; fileRef = 7E75B28718C3FCD10062C7AD /* SRSSeatViewController.xib */; };
		7E8E530D18A5825100E8425A /* defaultPrefs.plist in Resources */ = {isa = PBXBuildFile; fileRef = 7E8E530C18A5825100E8425A /* defaultPrefs.plist */; };
		7E8E531018A5831500E8425A /* SRSParseEngine.m in Sources */ = {isa = PBXBuildFile; fileRef = 7E8E530F18A5831500E8425A /* SRSParseEngine.m */; };
		7E8E531818A58A4500E8425A /* SRSInitialSetupWindowController.m in Sources */ = {isa = PBXBuildFile; fileRef = 7E8E531618A58A4500E8425A /* SRSInitialSetupWindowController.m */; };
		7E8E531918A58A4500E8425A /* SRSInitialSetupWindowController.xib in Resources */ = {isa = PBXBuildFile; fileRef = 7E8E531718A58A4500E8425A /* SRSInitialSetupWindowController.xib */; };
		7E8E531C18A58CD100E8425A /* swc-logo.png in Resources */ = {isa = PBXBuildFile; fileRef = 7E8E531B18A58CD100E8425A /* swc-logo.png */; };
		7E8E531F18A59A3400E8425A /* AnimationFlipWindow.m in Sources */ = {isa = PBXBuildFile; fileRef = 7E8E531E18A59A3400E8425A /* AnimationFlipWindow.m */; };
		7E8E532118A59A9A00E8425A /* QuartzCore.framework in Frameworks */ = {isa = PBXBuildFile; fileRef = 7E8E532018A59A9A00E8425A /* QuartzCore.framework */; };
		7E9390B418A96AC8005E9E56 /* CoreServices.framework in Frameworks */ = {isa = PBXBuildFile; fileRef = 7E9390B318A96AC8005E9E56 /* CoreServices.framework */; };
		7E9C357D189C56BC002C47A2 /* SRSHandExpectedValueWindowController.m in Sources */ = {isa = PBXBuildFile; fileRef = 7E9C357B189C56BC002C47A2 /* SRSHandExpectedValueWindowController.m */; };
		7E9C357E189C56BC002C47A2 /* SRSHandExpectedValueWindowController.xib in Resources */ = {isa = PBXBuildFile; fileRef = 7E9C357C189C56BC002C47A2 /* SRSHandExpectedValueWindowController.xib */; };
		7E9C3582189C87D9002C47A2 /* SRSHandExpectedValue.m in Sources */ = {isa = PBXBuildFile; fileRef = 7E9C3581189C87D9002C47A2 /* SRSHandExpectedValue.m */; };
		7EDA52D118AEC96C001D5371 /* SRSLogImportProgressWindowController.m in Sources */ = {isa = PBXBuildFile; fileRef = 7EDA52CF18AEC96C001D5371 /* SRSLogImportProgressWindowController.m */; };
		7EDA52D218AEC96C001D5371 /* SRSLogImportProgressWindowController.xib in Resources */ = {isa = PBXBuildFile; fileRef = 7EDA52D018AEC96C001D5371 /* SRSLogImportProgressWindowController.xib */; };
		7EDC771C18D0437D00BBEB53 /* GameFormat.m in Sources */ = {isa = PBXBuildFile; fileRef = 7EDC771B18D0437D00BBEB53 /* GameFormat.m */; };
		7EDC771F18D0437D00BBEB53 /* Action.m in Sources */ = {isa = PBXBuildFile; fileRef = 7EDC771E18D0437D00BBEB53 /* Action.m */; };
		7EDC772218D0437E00BBEB53 /* Card.m in Sources */ = {isa = PBXBuildFile; fileRef = 7EDC772118D0437E00BBEB53 /* Card.m */; };
		7EDC772518D0437E00BBEB53 /* ParsedFile.m in Sources */ = {isa = PBXBuildFile; fileRef = 7EDC772418D0437E00BBEB53 /* ParsedFile.m */; };
		7EDC772818D0437E00BBEB53 /* Seat.m in Sources */ = {isa = PBXBuildFile; fileRef = 7EDC772718D0437E00BBEB53 /* Seat.m */; };
		7EDC772B18D0437E00BBEB53 /* Hand.m in Sources */ = {isa = PBXBuildFile; fileRef = 7EDC772A18D0437E00BBEB53 /* Hand.m */; };
		7EDC772E18D0437E00BBEB53 /* Player.m in Sources */ = {isa = PBXBuildFile; fileRef = 7EDC772D18D0437E00BBEB53 /* Player.m */; };
		7EDC773118D0437E00BBEB53 /* Site.m in Sources */ = {isa = PBXBuildFile; fileRef = 7EDC773018D0437E00BBEB53 /* Site.m */; };
/* End PBXBuildFile section */

/* Begin PBXContainerItemProxy section */
		7E02EA15188AF05A001A41C7 /* PBXContainerItemProxy */ = {
			isa = PBXContainerItemProxy;
			containerPortal = 7E02E9E5188AF05A001A41C7 /* Project object */;
			proxyType = 1;
			remoteGlobalIDString = 7E02E9EC188AF05A001A41C7;
			remoteInfo = Sinister;
		};
/* End PBXContainerItemProxy section */

/* Begin PBXFileReference section */
		7E02E9ED188AF05A001A41C7 /* Sinister.app */ = {isa = PBXFileReference; explicitFileType = wrapper.application; includeInIndex = 0; path = Sinister.app; sourceTree = BUILT_PRODUCTS_DIR; };
		7E02E9F0188AF05A001A41C7 /* Cocoa.framework */ = {isa = PBXFileReference; lastKnownFileType = wrapper.framework; name = Cocoa.framework; path = System/Library/Frameworks/Cocoa.framework; sourceTree = SDKROOT; };
		7E02E9F3188AF05A001A41C7 /* AppKit.framework */ = {isa = PBXFileReference; lastKnownFileType = wrapper.framework; name = AppKit.framework; path = System/Library/Frameworks/AppKit.framework; sourceTree = SDKROOT; };
		7E02E9F4188AF05A001A41C7 /* CoreData.framework */ = {isa = PBXFileReference; lastKnownFileType = wrapper.framework; name = CoreData.framework; path = System/Library/Frameworks/CoreData.framework; sourceTree = SDKROOT; };
		7E02E9F5188AF05A001A41C7 /* Foundation.framework */ = {isa = PBXFileReference; lastKnownFileType = wrapper.framework; name = Foundation.framework; path = System/Library/Frameworks/Foundation.framework; sourceTree = SDKROOT; };
		7E02E9F8188AF05A001A41C7 /* Sinister-Info.plist */ = {isa = PBXFileReference; lastKnownFileType = text.plist.xml; path = "Sinister-Info.plist"; sourceTree = "<group>"; };
		7E02E9FA188AF05A001A41C7 /* en */ = {isa = PBXFileReference; lastKnownFileType = text.plist.strings; name = en; path = en.lproj/InfoPlist.strings; sourceTree = "<group>"; };
		7E02E9FC188AF05A001A41C7 /* main.m */ = {isa = PBXFileReference; lastKnownFileType = sourcecode.c.objc; path = main.m; sourceTree = "<group>"; };
		7E02E9FE188AF05A001A41C7 /* Sinister-Prefix.pch */ = {isa = PBXFileReference; lastKnownFileType = sourcecode.c.h; path = "Sinister-Prefix.pch"; sourceTree = "<group>"; };
		7E02EA00188AF05A001A41C7 /* en */ = {isa = PBXFileReference; lastKnownFileType = text.rtf; name = en; path = en.lproj/Credits.rtf; sourceTree = "<group>"; };
		7E02EA02188AF05A001A41C7 /* SRSAppDelegate.h */ = {isa = PBXFileReference; lastKnownFileType = sourcecode.c.h; path = SRSAppDelegate.h; sourceTree = "<group>"; };
		7E02EA03188AF05A001A41C7 /* SRSAppDelegate.m */ = {isa = PBXFileReference; lastKnownFileType = sourcecode.c.objc; path = SRSAppDelegate.m; sourceTree = "<group>"; };
		7E02EA06188AF05A001A41C7 /* Base */ = {isa = PBXFileReference; lastKnownFileType = file.xib; name = Base; path = Base.lproj/MainMenu.xib; sourceTree = "<group>"; };
		7E02EA09188AF05A001A41C7 /* Sinister.xcdatamodel */ = {isa = PBXFileReference; lastKnownFileType = wrapper.xcdatamodel; path = Sinister.xcdatamodel; sourceTree = "<group>"; };
		7E02EA0B188AF05A001A41C7 /* Images.xcassets */ = {isa = PBXFileReference; lastKnownFileType = folder.assetcatalog; path = Images.xcassets; sourceTree = "<group>"; };
		7E02EA11188AF05A001A41C7 /* SinisterTests.xctest */ = {isa = PBXFileReference; explicitFileType = wrapper.cfbundle; includeInIndex = 0; path = SinisterTests.xctest; sourceTree = BUILT_PRODUCTS_DIR; };
		7E02EA12188AF05A001A41C7 /* XCTest.framework */ = {isa = PBXFileReference; lastKnownFileType = wrapper.framework; name = XCTest.framework; path = Library/Frameworks/XCTest.framework; sourceTree = DEVELOPER_DIR; };
		7E02EA19188AF05A001A41C7 /* SinisterTests-Info.plist */ = {isa = PBXFileReference; lastKnownFileType = text.plist.xml; path = "SinisterTests-Info.plist"; sourceTree = "<group>"; };
		7E02EA1B188AF05A001A41C7 /* en */ = {isa = PBXFileReference; lastKnownFileType = text.plist.strings; name = en; path = en.lproj/InfoPlist.strings; sourceTree = "<group>"; };
		7E02EA1D188AF05A001A41C7 /* SinisterTests.m */ = {isa = PBXFileReference; lastKnownFileType = sourcecode.c.objc; path = SinisterTests.m; sourceTree = "<group>"; };
		7E02EA29188AFAEC001A41C7 /* SRSHandHistoriesLocationWindowController.h */ = {isa = PBXFileReference; fileEncoding = 4; lastKnownFileType = sourcecode.c.h; name = SRSHandHistoriesLocationWindowController.h; path = UI/SRSHandHistoriesLocationWindowController.h; sourceTree = "<group>"; };
		7E02EA2A188AFAEC001A41C7 /* SRSHandHistoriesLocationWindowController.m */ = {isa = PBXFileReference; fileEncoding = 4; lastKnownFileType = sourcecode.c.objc; name = SRSHandHistoriesLocationWindowController.m; path = UI/SRSHandHistoriesLocationWindowController.m; sourceTree = "<group>"; };
		7E02EA2B188AFAEC001A41C7 /* SRSHandHistoriesLocationWindowController.xib */ = {isa = PBXFileReference; fileEncoding = 4; lastKnownFileType = file.xib; name = SRSHandHistoriesLocationWindowController.xib; path = UI/SRSHandHistoriesLocationWindowController.xib; sourceTree = "<group>"; };
		7E22D63C18C5468000071FB0 /* SRSDealerButtonView.h */ = {isa = PBXFileReference; fileEncoding = 4; lastKnownFileType = sourcecode.c.h; name = SRSDealerButtonView.h; path = UI/SRSDealerButtonView.h; sourceTree = "<group>"; };
		7E22D63D18C5468000071FB0 /* SRSDealerButtonView.m */ = {isa = PBXFileReference; fileEncoding = 4; lastKnownFileType = sourcecode.c.objc; name = SRSDealerButtonView.m; path = UI/SRSDealerButtonView.m; sourceTree = "<group>"; };
		7E22D63F18C5739400071FB0 /* SRSSeatBackgroundView.h */ = {isa = PBXFileReference; fileEncoding = 4; lastKnownFileType = sourcecode.c.h; name = SRSSeatBackgroundView.h; path = UI/SRSSeatBackgroundView.h; sourceTree = "<group>"; };
		7E22D64018C5739400071FB0 /* SRSSeatBackgroundView.m */ = {isa = PBXFileReference; fileEncoding = 4; lastKnownFileType = sourcecode.c.objc; name = SRSSeatBackgroundView.m; path = UI/SRSSeatBackgroundView.m; sourceTree = "<group>"; };
		7E27A01918A44C9400240919 /* SRSPlayerHandsWindowController.h */ = {isa = PBXFileReference; fileEncoding = 4; lastKnownFileType = sourcecode.c.h; path = SRSPlayerHandsWindowController.h; sourceTree = "<group>"; };
		7E27A01A18A44C9400240919 /* SRSPlayerHandsWindowController.m */ = {isa = PBXFileReference; fileEncoding = 4; lastKnownFileType = sourcecode.c.objc; path = SRSPlayerHandsWindowController.m; sourceTree = "<group>"; };
		7E27A01B18A44C9400240919 /* SRSPlayerHandsWindowController.xib */ = {isa = PBXFileReference; fileEncoding = 4; lastKnownFileType = file.xib; path = SRSPlayerHandsWindowController.xib; sourceTree = "<group>"; };
		7E3E78311895EDA40073A08A /* Card+Constants.h */ = {isa = PBXFileReference; fileEncoding = 4; lastKnownFileType = sourcecode.c.h; name = "Card+Constants.h"; path = "Models/Card+Constants.h"; sourceTree = "<group>"; };
		7E3E78321895EDA40073A08A /* Card+Constants.m */ = {isa = PBXFileReference; fileEncoding = 4; lastKnownFileType = sourcecode.c.objc; name = "Card+Constants.m"; path = "Models/Card+Constants.m"; sourceTree = "<group>"; };
		7E3E78351896F3B20073A08A /* SRSPreferencesWindowController.h */ = {isa = PBXFileReference; fileEncoding = 4; lastKnownFileType = sourcecode.c.h; path = SRSPreferencesWindowController.h; sourceTree = "<group>"; };
		7E3E78361896F3B20073A08A /* SRSPreferencesWindowController.m */ = {isa = PBXFileReference; fileEncoding = 4; lastKnownFileType = sourcecode.c.objc; path = SRSPreferencesWindowController.m; sourceTree = "<group>"; };
		7E3E78371896F3B20073A08A /* SRSPreferencesWindowController.xib */ = {isa = PBXFileReference; fileEncoding = 4; lastKnownFileType = file.xib; path = SRSPreferencesWindowController.xib; sourceTree = "<group>"; };
		7E3E7851189757270073A08A /* Player+Stats.h */ = {isa = PBXFileReference; fileEncoding = 4; lastKnownFileType = sourcecode.c.h; name = "Player+Stats.h"; path = "Models/Player+Stats.h"; sourceTree = "<group>"; };
		7E3E7852189757270073A08A /* Player+Stats.m */ = {isa = PBXFileReference; fileEncoding = 4; lastKnownFileType = sourcecode.c.objc; name = "Player+Stats.m"; path = "Models/Player+Stats.m"; sourceTree = "<group>"; };
		7E3E78541897589F0073A08A /* SRSPlayerStatsWindowController.h */ = {isa = PBXFileReference; fileEncoding = 4; lastKnownFileType = sourcecode.c.h; path = SRSPlayerStatsWindowController.h; sourceTree = "<group>"; };
		7E3E78551897589F0073A08A /* SRSPlayerStatsWindowController.m */ = {isa = PBXFileReference; fileEncoding = 4; lastKnownFileType = sourcecode.c.objc; path = SRSPlayerStatsWindowController.m; sourceTree = "<group>"; };
		7E3E78561897589F0073A08A /* SRSPlayerStatsWindowController.xib */ = {isa = PBXFileReference; fileEncoding = 4; lastKnownFileType = file.xib; path = SRSPlayerStatsWindowController.xib; sourceTree = "<group>"; };
		7E3E786B189855F80073A08A /* Hand+Stats.h */ = {isa = PBXFileReference; fileEncoding = 4; lastKnownFileType = sourcecode.c.h; name = "Hand+Stats.h"; path = "Models/Hand+Stats.h"; sourceTree = "<group>"; };
		7E3E786C189855F80073A08A /* Hand+Stats.m */ = {isa = PBXFileReference; fileEncoding = 4; lastKnownFileType = sourcecode.c.objc; name = "Hand+Stats.m"; path = "Models/Hand+Stats.m"; sourceTree = "<group>"; };
		7E448F84188B0B6F00D88D5A /* SRSMavenHandFileParser.h */ = {isa = PBXFileReference; fileEncoding = 4; lastKnownFileType = sourcecode.c.h; path = SRSMavenHandFileParser.h; sourceTree = "<group>"; };
		7E448F85188B0B6F00D88D5A /* SRSMavenHandFileParser.m */ = {isa = PBXFileReference; fileEncoding = 4; lastKnownFileType = sourcecode.c.objc; path = SRSMavenHandFileParser.m; sourceTree = "<group>"; };
		7E448F87188B0C1D00D88D5A /* SRSMavenLogParserTest.m */ = {isa = PBXFileReference; fileEncoding = 4; lastKnownFileType = sourcecode.c.objc; path = SRSMavenLogParserTest.m; sourceTree = "<group>"; };
		7E448FB3188F5EC800D88D5A /* Action+Constants.h */ = {isa = PBXFileReference; fileEncoding = 4; lastKnownFileType = sourcecode.c.h; name = "Action+Constants.h"; path = "Models/Action+Constants.h"; sourceTree = "<group>"; };
		7E448FB4188F5EC800D88D5A /* Action+Constants.m */ = {isa = PBXFileReference; fileEncoding = 4; lastKnownFileType = sourcecode.c.objc; name = "Action+Constants.m"; path = "Models/Action+Constants.m"; sourceTree = "<group>"; };
		7E73539A18C67F4100FCAB31 /* SRSCardView.h */ = {isa = PBXFileReference; fileEncoding = 4; lastKnownFileType = sourcecode.c.h; name = SRSCardView.h; path = UI/SRSCardView.h; sourceTree = "<group>"; };
		7E73539B18C67F4100FCAB31 /* SRSCardView.m */ = {isa = PBXFileReference; fileEncoding = 4; lastKnownFileType = sourcecode.c.objc; name = SRSCardView.m; path = UI/SRSCardView.m; sourceTree = "<group>"; };
		7E7353A018C6946400FCAB31 /* 2C.eps */ = {isa = PBXFileReference; fileEncoding = 4; lastKnownFileType = text; path = 2C.eps; sourceTree = "<group>"; };
		7E7353A118C6946400FCAB31 /* 3C.eps */ = {isa = PBXFileReference; fileEncoding = 4; lastKnownFileType = text; path = 3C.eps; sourceTree = "<group>"; };
		7E7353A218C6946400FCAB31 /* 4C.eps */ = {isa = PBXFileReference; fileEncoding = 4; lastKnownFileType = text; path = 4C.eps; sourceTree = "<group>"; };
		7E7353A318C6946400FCAB31 /* 5C.eps */ = {isa = PBXFileReference; fileEncoding = 4; lastKnownFileType = text; path = 5C.eps; sourceTree = "<group>"; };
		7E7353A418C6946400FCAB31 /* 6C.eps */ = {isa = PBXFileReference; fileEncoding = 4; lastKnownFileType = text; path = 6C.eps; sourceTree = "<group>"; };
		7E7353A518C6946400FCAB31 /* 7C.eps */ = {isa = PBXFileReference; fileEncoding = 4; lastKnownFileType = text; path = 7C.eps; sourceTree = "<group>"; };
		7E7353A618C6946400FCAB31 /* 8C.eps */ = {isa = PBXFileReference; fileEncoding = 4; lastKnownFileType = text; path = 8C.eps; sourceTree = "<group>"; };
		7E7353A718C6946400FCAB31 /* 9C.eps */ = {isa = PBXFileReference; fileEncoding = 4; lastKnownFileType = text; path = 9C.eps; sourceTree = "<group>"; };
		7E7353A818C6946400FCAB31 /* AC.eps */ = {isa = PBXFileReference; fileEncoding = 4; lastKnownFileType = text; path = AC.eps; sourceTree = "<group>"; };
		7E7353A918C6946400FCAB31 /* JC.eps */ = {isa = PBXFileReference; fileEncoding = 4; lastKnownFileType = text; path = JC.eps; sourceTree = "<group>"; };
		7E7353AA18C6946400FCAB31 /* KC.eps */ = {isa = PBXFileReference; fileEncoding = 4; lastKnownFileType = text; path = KC.eps; sourceTree = "<group>"; };
		7E7353AB18C6946400FCAB31 /* QC.eps */ = {isa = PBXFileReference; fileEncoding = 4; lastKnownFileType = text; path = QC.eps; sourceTree = "<group>"; };
		7E7353AE18C6946400FCAB31 /* 2D.eps */ = {isa = PBXFileReference; fileEncoding = 4; lastKnownFileType = text; path = 2D.eps; sourceTree = "<group>"; };
		7E7353AF18C6946400FCAB31 /* 3D.eps */ = {isa = PBXFileReference; fileEncoding = 4; lastKnownFileType = text; path = 3D.eps; sourceTree = "<group>"; };
		7E7353B018C6946400FCAB31 /* 4D.eps */ = {isa = PBXFileReference; fileEncoding = 4; lastKnownFileType = text; path = 4D.eps; sourceTree = "<group>"; };
		7E7353B118C6946400FCAB31 /* 5D.eps */ = {isa = PBXFileReference; fileEncoding = 4; lastKnownFileType = text; path = 5D.eps; sourceTree = "<group>"; };
		7E7353B218C6946400FCAB31 /* 6D.eps */ = {isa = PBXFileReference; fileEncoding = 4; lastKnownFileType = text; path = 6D.eps; sourceTree = "<group>"; };
		7E7353B318C6946400FCAB31 /* 7D.eps */ = {isa = PBXFileReference; fileEncoding = 4; lastKnownFileType = text; path = 7D.eps; sourceTree = "<group>"; };
		7E7353B418C6946400FCAB31 /* 8D.eps */ = {isa = PBXFileReference; fileEncoding = 4; lastKnownFileType = text; path = 8D.eps; sourceTree = "<group>"; };
		7E7353B518C6946400FCAB31 /* 9D.eps */ = {isa = PBXFileReference; fileEncoding = 4; lastKnownFileType = text; path = 9D.eps; sourceTree = "<group>"; };
		7E7353B618C6946400FCAB31 /* AD.eps */ = {isa = PBXFileReference; fileEncoding = 4; lastKnownFileType = text; path = AD.eps; sourceTree = "<group>"; };
		7E7353B718C6946400FCAB31 /* JD.eps */ = {isa = PBXFileReference; fileEncoding = 4; lastKnownFileType = text; path = JD.eps; sourceTree = "<group>"; };
		7E7353B818C6946400FCAB31 /* KD.eps */ = {isa = PBXFileReference; fileEncoding = 4; lastKnownFileType = text; path = KD.eps; sourceTree = "<group>"; };
		7E7353B918C6946400FCAB31 /* QD.eps */ = {isa = PBXFileReference; fileEncoding = 4; lastKnownFileType = text; path = QD.eps; sourceTree = "<group>"; };
		7E7353BC18C6946400FCAB31 /* 2H.eps */ = {isa = PBXFileReference; fileEncoding = 4; lastKnownFileType = text; path = 2H.eps; sourceTree = "<group>"; };
		7E7353BD18C6946400FCAB31 /* 3H.eps */ = {isa = PBXFileReference; fileEncoding = 4; lastKnownFileType = text; path = 3H.eps; sourceTree = "<group>"; };
		7E7353BE18C6946400FCAB31 /* 4H.eps */ = {isa = PBXFileReference; fileEncoding = 4; lastKnownFileType = text; path = 4H.eps; sourceTree = "<group>"; };
		7E7353BF18C6946400FCAB31 /* 5H.eps */ = {isa = PBXFileReference; fileEncoding = 4; lastKnownFileType = text; path = 5H.eps; sourceTree = "<group>"; };
		7E7353C018C6946400FCAB31 /* 6H.eps */ = {isa = PBXFileReference; fileEncoding = 4; lastKnownFileType = text; path = 6H.eps; sourceTree = "<group>"; };
		7E7353C118C6946400FCAB31 /* 7H.eps */ = {isa = PBXFileReference; fileEncoding = 4; lastKnownFileType = text; path = 7H.eps; sourceTree = "<group>"; };
		7E7353C218C6946400FCAB31 /* 8H.eps */ = {isa = PBXFileReference; fileEncoding = 4; lastKnownFileType = text; path = 8H.eps; sourceTree = "<group>"; };
		7E7353C318C6946400FCAB31 /* 9H.eps */ = {isa = PBXFileReference; fileEncoding = 4; lastKnownFileType = text; path = 9H.eps; sourceTree = "<group>"; };
		7E7353C418C6946400FCAB31 /* AH.eps */ = {isa = PBXFileReference; fileEncoding = 4; lastKnownFileType = text; path = AH.eps; sourceTree = "<group>"; };
		7E7353C518C6946400FCAB31 /* JH.eps */ = {isa = PBXFileReference; fileEncoding = 4; lastKnownFileType = text; path = JH.eps; sourceTree = "<group>"; };
		7E7353C618C6946400FCAB31 /* KH.eps */ = {isa = PBXFileReference; fileEncoding = 4; lastKnownFileType = text; path = KH.eps; sourceTree = "<group>"; };
		7E7353C718C6946400FCAB31 /* QH.eps */ = {isa = PBXFileReference; fileEncoding = 4; lastKnownFileType = text; path = QH.eps; sourceTree = "<group>"; };
		7E7353CA18C6946400FCAB31 /* 2S.eps */ = {isa = PBXFileReference; fileEncoding = 4; lastKnownFileType = text; path = 2S.eps; sourceTree = "<group>"; };
		7E7353CB18C6946400FCAB31 /* 3S.eps */ = {isa = PBXFileReference; fileEncoding = 4; lastKnownFileType = text; path = 3S.eps; sourceTree = "<group>"; };
		7E7353CC18C6946400FCAB31 /* 4S.eps */ = {isa = PBXFileReference; fileEncoding = 4; lastKnownFileType = text; path = 4S.eps; sourceTree = "<group>"; };
		7E7353CD18C6946400FCAB31 /* 5S.eps */ = {isa = PBXFileReference; fileEncoding = 4; lastKnownFileType = text; path = 5S.eps; sourceTree = "<group>"; };
		7E7353CE18C6946400FCAB31 /* 6S.eps */ = {isa = PBXFileReference; fileEncoding = 4; lastKnownFileType = text; path = 6S.eps; sourceTree = "<group>"; };
		7E7353CF18C6946400FCAB31 /* 7S.eps */ = {isa = PBXFileReference; fileEncoding = 4; lastKnownFileType = text; path = 7S.eps; sourceTree = "<group>"; };
		7E7353D018C6946400FCAB31 /* 8S.eps */ = {isa = PBXFileReference; fileEncoding = 4; lastKnownFileType = text; path = 8S.eps; sourceTree = "<group>"; };
		7E7353D118C6946400FCAB31 /* 9S.eps */ = {isa = PBXFileReference; fileEncoding = 4; lastKnownFileType = text; path = 9S.eps; sourceTree = "<group>"; };
		7E7353D218C6946400FCAB31 /* AS.eps */ = {isa = PBXFileReference; fileEncoding = 4; lastKnownFileType = text; path = AS.eps; sourceTree = "<group>"; };
		7E7353D318C6946400FCAB31 /* JS.eps */ = {isa = PBXFileReference; fileEncoding = 4; lastKnownFileType = text; path = JS.eps; sourceTree = "<group>"; };
		7E7353D418C6946400FCAB31 /* KS.eps */ = {isa = PBXFileReference; fileEncoding = 4; lastKnownFileType = text; path = KS.eps; sourceTree = "<group>"; };
		7E7353D518C6946400FCAB31 /* QS.eps */ = {isa = PBXFileReference; fileEncoding = 4; lastKnownFileType = text; path = QS.eps; sourceTree = "<group>"; };
		7E73540A18C6986C00FCAB31 /* Blue_Back.eps */ = {isa = PBXFileReference; lastKnownFileType = file; path = Blue_Back.eps; sourceTree = "<group>"; };
		7E73540C18C8146D00FCAB31 /* TC.eps */ = {isa = PBXFileReference; fileEncoding = 4; lastKnownFileType = text; path = TC.eps; sourceTree = "<group>"; };
		7E73540E18C8148200FCAB31 /* TD.eps */ = {isa = PBXFileReference; fileEncoding = 4; lastKnownFileType = text; path = TD.eps; sourceTree = "<group>"; };
		7E73541018C8149000FCAB31 /* TH.eps */ = {isa = PBXFileReference; fileEncoding = 4; lastKnownFileType = text; path = TH.eps; sourceTree = "<group>"; };
		7E73541218C814A700FCAB31 /* TS.eps */ = {isa = PBXFileReference; fileEncoding = 4; lastKnownFileType = text; path = TS.eps; sourceTree = "<group>"; };
		7E73541418C816B500FCAB31 /* SRSFeltTableView.h */ = {isa = PBXFileReference; fileEncoding = 4; lastKnownFileType = sourcecode.c.h; name = SRSFeltTableView.h; path = UI/SRSFeltTableView.h; sourceTree = "<group>"; };
		7E73541518C816B500FCAB31 /* SRSFeltTableView.m */ = {isa = PBXFileReference; fileEncoding = 4; lastKnownFileType = sourcecode.c.objc; name = SRSFeltTableView.m; path = UI/SRSFeltTableView.m; sourceTree = "<group>"; };
		7E75B23218C28A510062C7AD /* Seat+Stats.h */ = {isa = PBXFileReference; fileEncoding = 4; lastKnownFileType = sourcecode.c.h; name = "Seat+Stats.h"; path = "Models/Seat+Stats.h"; sourceTree = "<group>"; };
		7E75B23318C28A510062C7AD /* Seat+Stats.m */ = {isa = PBXFileReference; fileEncoding = 4; lastKnownFileType = sourcecode.c.objc; name = "Seat+Stats.m"; path = "Models/Seat+Stats.m"; sourceTree = "<group>"; };
		7E75B23518C294030062C7AD /* NSDecimalNumber+Abs.h */ = {isa = PBXFileReference; fileEncoding = 4; lastKnownFileType = sourcecode.c.h; path = "NSDecimalNumber+Abs.h"; sourceTree = "<group>"; };
		7E75B23618C294030062C7AD /* NSDecimalNumber+Abs.m */ = {isa = PBXFileReference; fileEncoding = 4; lastKnownFileType = sourcecode.c.objc; path = "NSDecimalNumber+Abs.m"; sourceTree = "<group>"; };
		7E75B27A18C2C4AD0062C7AD /* GameFormat+Constants.h */ = {isa = PBXFileReference; fileEncoding = 4; lastKnownFileType = sourcecode.c.h; name = "GameFormat+Constants.h"; path = "Models/GameFormat+Constants.h"; sourceTree = "<group>"; };
		7E75B27B18C2C4AE0062C7AD /* GameFormat+Constants.m */ = {isa = PBXFileReference; fileEncoding = 4; lastKnownFileType = sourcecode.c.objc; name = "GameFormat+Constants.m"; path = "Models/GameFormat+Constants.m"; sourceTree = "<group>"; };
		7E75B28018C3F6520062C7AD /* SRSHandReplayWindowController.h */ = {isa = PBXFileReference; fileEncoding = 4; lastKnownFileType = sourcecode.c.h; name = SRSHandReplayWindowController.h; path = UI/SRSHandReplayWindowController.h; sourceTree = "<group>"; };
		7E75B28118C3F6520062C7AD /* SRSHandReplayWindowController.m */ = {isa = PBXFileReference; fileEncoding = 4; lastKnownFileType = sourcecode.c.objc; name = SRSHandReplayWindowController.m; path = UI/SRSHandReplayWindowController.m; sourceTree = "<group>"; };
		7E75B28218C3F6520062C7AD /* SRSHandReplayWindowController.xib */ = {isa = PBXFileReference; fileEncoding = 4; lastKnownFileType = file.xib; name = SRSHandReplayWindowController.xib; path = UI/SRSHandReplayWindowController.xib; sourceTree = "<group>"; };
		7E75B28518C3FCD10062C7AD /* SRSSeatViewController.h */ = {isa = PBXFileReference; fileEncoding = 4; lastKnownFileType = sourcecode.c.h; name = SRSSeatViewController.h; path = UI/SRSSeatViewController.h; sourceTree = "<group>"; };
		7E75B28618C3FCD10062C7AD /* SRSSeatViewController.m */ = {isa = PBXFileReference; fileEncoding = 4; lastKnownFileType = sourcecode.c.objc; name = SRSSeatViewController.m; path = UI/SRSSeatViewController.m; sourceTree = "<group>"; };
		7E75B28718C3FCD10062C7AD /* SRSSeatViewController.xib */ = {isa = PBXFileReference; fileEncoding = 4; lastKnownFileType = file.xib; name = SRSSeatViewController.xib; path = UI/SRSSeatViewController.xib; sourceTree = "<group>"; };
		7E8E530C18A5825100E8425A /* defaultPrefs.plist */ = {isa = PBXFileReference; fileEncoding = 4; lastKnownFileType = text.plist.xml; path = defaultPrefs.plist; sourceTree = "<group>"; };
		7E8E530E18A5831500E8425A /* SRSParseEngine.h */ = {isa = PBXFileReference; fileEncoding = 4; lastKnownFileType = sourcecode.c.h; path = SRSParseEngine.h; sourceTree = "<group>"; };
		7E8E530F18A5831500E8425A /* SRSParseEngine.m */ = {isa = PBXFileReference; fileEncoding = 4; lastKnownFileType = sourcecode.c.objc; path = SRSParseEngine.m; sourceTree = "<group>"; };
		7E8E531518A58A4500E8425A /* SRSInitialSetupWindowController.h */ = {isa = PBXFileReference; fileEncoding = 4; lastKnownFileType = sourcecode.c.h; name = SRSInitialSetupWindowController.h; path = UI/SRSInitialSetupWindowController.h; sourceTree = "<group>"; };
		7E8E531618A58A4500E8425A /* SRSInitialSetupWindowController.m */ = {isa = PBXFileReference; fileEncoding = 4; lastKnownFileType = sourcecode.c.objc; name = SRSInitialSetupWindowController.m; path = UI/SRSInitialSetupWindowController.m; sourceTree = "<group>"; };
		7E8E531718A58A4500E8425A /* SRSInitialSetupWindowController.xib */ = {isa = PBXFileReference; fileEncoding = 4; lastKnownFileType = file.xib; name = SRSInitialSetupWindowController.xib; path = UI/SRSInitialSetupWindowController.xib; sourceTree = "<group>"; };
		7E8E531B18A58CD100E8425A /* swc-logo.png */ = {isa = PBXFileReference; lastKnownFileType = image.png; path = "swc-logo.png"; sourceTree = "<group>"; };
		7E8E531D18A59A3400E8425A /* AnimationFlipWindow.h */ = {isa = PBXFileReference; fileEncoding = 4; lastKnownFileType = sourcecode.c.h; name = AnimationFlipWindow.h; path = UI/AnimationFlipWindow.h; sourceTree = "<group>"; };
		7E8E531E18A59A3400E8425A /* AnimationFlipWindow.m */ = {isa = PBXFileReference; fileEncoding = 4; lastKnownFileType = sourcecode.c.objc; name = AnimationFlipWindow.m; path = UI/AnimationFlipWindow.m; sourceTree = "<group>"; };
		7E8E532018A59A9A00E8425A /* QuartzCore.framework */ = {isa = PBXFileReference; lastKnownFileType = wrapper.framework; name = QuartzCore.framework; path = System/Library/Frameworks/QuartzCore.framework; sourceTree = SDKROOT; };
		7E9390B318A96AC8005E9E56 /* CoreServices.framework */ = {isa = PBXFileReference; lastKnownFileType = wrapper.framework; name = CoreServices.framework; path = System/Library/Frameworks/CoreServices.framework; sourceTree = SDKROOT; };
		7E9C357A189C56BC002C47A2 /* SRSHandExpectedValueWindowController.h */ = {isa = PBXFileReference; fileEncoding = 4; lastKnownFileType = sourcecode.c.h; path = SRSHandExpectedValueWindowController.h; sourceTree = "<group>"; };
		7E9C357B189C56BC002C47A2 /* SRSHandExpectedValueWindowController.m */ = {isa = PBXFileReference; fileEncoding = 4; lastKnownFileType = sourcecode.c.objc; path = SRSHandExpectedValueWindowController.m; sourceTree = "<group>"; };
		7E9C357C189C56BC002C47A2 /* SRSHandExpectedValueWindowController.xib */ = {isa = PBXFileReference; fileEncoding = 4; lastKnownFileType = file.xib; path = SRSHandExpectedValueWindowController.xib; sourceTree = "<group>"; };
		7E9C3580189C87D9002C47A2 /* SRSHandExpectedValue.h */ = {isa = PBXFileReference; fileEncoding = 4; lastKnownFileType = sourcecode.c.h; name = SRSHandExpectedValue.h; path = Models/SRSHandExpectedValue.h; sourceTree = "<group>"; };
		7E9C3581189C87D9002C47A2 /* SRSHandExpectedValue.m */ = {isa = PBXFileReference; fileEncoding = 4; lastKnownFileType = sourcecode.c.objc; name = SRSHandExpectedValue.m; path = Models/SRSHandExpectedValue.m; sourceTree = "<group>"; };
		7EDA52CE18AEC96C001D5371 /* SRSLogImportProgressWindowController.h */ = {isa = PBXFileReference; fileEncoding = 4; lastKnownFileType = sourcecode.c.h; name = SRSLogImportProgressWindowController.h; path = UI/SRSLogImportProgressWindowController.h; sourceTree = "<group>"; };
		7EDA52CF18AEC96C001D5371 /* SRSLogImportProgressWindowController.m */ = {isa = PBXFileReference; fileEncoding = 4; lastKnownFileType = sourcecode.c.objc; name = SRSLogImportProgressWindowController.m; path = UI/SRSLogImportProgressWindowController.m; sourceTree = "<group>"; };
		7EDA52D018AEC96C001D5371 /* SRSLogImportProgressWindowController.xib */ = {isa = PBXFileReference; fileEncoding = 4; lastKnownFileType = file.xib; name = SRSLogImportProgressWindowController.xib; path = UI/SRSLogImportProgressWindowController.xib; sourceTree = "<group>"; };
		7EDC771A18D0437D00BBEB53 /* GameFormat.h */ = {isa = PBXFileReference; fileEncoding = 4; lastKnownFileType = sourcecode.c.h; name = GameFormat.h; path = Models/GameFormat.h; sourceTree = "<group>"; };
		7EDC771B18D0437D00BBEB53 /* GameFormat.m */ = {isa = PBXFileReference; fileEncoding = 4; lastKnownFileType = sourcecode.c.objc; name = GameFormat.m; path = Models/GameFormat.m; sourceTree = "<group>"; };
		7EDC771D18D0437D00BBEB53 /* Action.h */ = {isa = PBXFileReference; fileEncoding = 4; lastKnownFileType = sourcecode.c.h; name = Action.h; path = Models/Action.h; sourceTree = "<group>"; };
		7EDC771E18D0437D00BBEB53 /* Action.m */ = {isa = PBXFileReference; fileEncoding = 4; lastKnownFileType = sourcecode.c.objc; name = Action.m; path = Models/Action.m; sourceTree = "<group>"; };
		7EDC772018D0437E00BBEB53 /* Card.h */ = {isa = PBXFileReference; fileEncoding = 4; lastKnownFileType = sourcecode.c.h; name = Card.h; path = Models/Card.h; sourceTree = "<group>"; };
		7EDC772118D0437E00BBEB53 /* Card.m */ = {isa = PBXFileReference; fileEncoding = 4; lastKnownFileType = sourcecode.c.objc; name = Card.m; path = Models/Card.m; sourceTree = "<group>"; };
		7EDC772318D0437E00BBEB53 /* ParsedFile.h */ = {isa = PBXFileReference; fileEncoding = 4; lastKnownFileType = sourcecode.c.h; name = ParsedFile.h; path = Models/ParsedFile.h; sourceTree = "<group>"; };
		7EDC772418D0437E00BBEB53 /* ParsedFile.m */ = {isa = PBXFileReference; fileEncoding = 4; lastKnownFileType = sourcecode.c.objc; name = ParsedFile.m; path = Models/ParsedFile.m; sourceTree = "<group>"; };
		7EDC772618D0437E00BBEB53 /* Seat.h */ = {isa = PBXFileReference; fileEncoding = 4; lastKnownFileType = sourcecode.c.h; name = Seat.h; path = Models/Seat.h; sourceTree = "<group>"; };
		7EDC772718D0437E00BBEB53 /* Seat.m */ = {isa = PBXFileReference; fileEncoding = 4; lastKnownFileType = sourcecode.c.objc; name = Seat.m; path = Models/Seat.m; sourceTree = "<group>"; };
		7EDC772918D0437E00BBEB53 /* Hand.h */ = {isa = PBXFileReference; fileEncoding = 4; lastKnownFileType = sourcecode.c.h; name = Hand.h; path = Models/Hand.h; sourceTree = "<group>"; };
		7EDC772A18D0437E00BBEB53 /* Hand.m */ = {isa = PBXFileReference; fileEncoding = 4; lastKnownFileType = sourcecode.c.objc; name = Hand.m; path = Models/Hand.m; sourceTree = "<group>"; };
		7EDC772C18D0437E00BBEB53 /* Player.h */ = {isa = PBXFileReference; fileEncoding = 4; lastKnownFileType = sourcecode.c.h; name = Player.h; path = Models/Player.h; sourceTree = "<group>"; };
		7EDC772D18D0437E00BBEB53 /* Player.m */ = {isa = PBXFileReference; fileEncoding = 4; lastKnownFileType = sourcecode.c.objc; name = Player.m; path = Models/Player.m; sourceTree = "<group>"; };
		7EDC772F18D0437E00BBEB53 /* Site.h */ = {isa = PBXFileReference; fileEncoding = 4; lastKnownFileType = sourcecode.c.h; name = Site.h; path = Models/Site.h; sourceTree = "<group>"; };
		7EDC773018D0437E00BBEB53 /* Site.m */ = {isa = PBXFileReference; fileEncoding = 4; lastKnownFileType = sourcecode.c.objc; name = Site.m; path = Models/Site.m; sourceTree = "<group>"; };
/* End PBXFileReference section */

/* Begin PBXFrameworksBuildPhase section */
		7E02E9EA188AF05A001A41C7 /* Frameworks */ = {
			isa = PBXFrameworksBuildPhase;
			buildActionMask = 2147483647;
			files = (
				7E9390B418A96AC8005E9E56 /* CoreServices.framework in Frameworks */,
				7E8E532118A59A9A00E8425A /* QuartzCore.framework in Frameworks */,
				7E02E9F1188AF05A001A41C7 /* Cocoa.framework in Frameworks */,
			);
			runOnlyForDeploymentPostprocessing = 0;
		};
		7E02EA0E188AF05A001A41C7 /* Frameworks */ = {
			isa = PBXFrameworksBuildPhase;
			buildActionMask = 2147483647;
			files = (
				7E02EA14188AF05A001A41C7 /* Cocoa.framework in Frameworks */,
				7E02EA13188AF05A001A41C7 /* XCTest.framework in Frameworks */,
			);
			runOnlyForDeploymentPostprocessing = 0;
		};
/* End PBXFrameworksBuildPhase section */

/* Begin PBXGroup section */
		7E02E9E4188AF05A001A41C7 = {
			isa = PBXGroup;
			children = (
				7E02E9F6188AF05A001A41C7 /* Sinister */,
				7E02EA17188AF05A001A41C7 /* SinisterTests */,
				7E02E9EF188AF05A001A41C7 /* Frameworks */,
				7E02E9EE188AF05A001A41C7 /* Products */,
			);
			sourceTree = "<group>";
		};
		7E02E9EE188AF05A001A41C7 /* Products */ = {
			isa = PBXGroup;
			children = (
				7E02E9ED188AF05A001A41C7 /* Sinister.app */,
				7E02EA11188AF05A001A41C7 /* SinisterTests.xctest */,
			);
			name = Products;
			sourceTree = "<group>";
		};
		7E02E9EF188AF05A001A41C7 /* Frameworks */ = {
			isa = PBXGroup;
			children = (
				7E9390B318A96AC8005E9E56 /* CoreServices.framework */,
				7E8E532018A59A9A00E8425A /* QuartzCore.framework */,
				7E02E9F0188AF05A001A41C7 /* Cocoa.framework */,
				7E02EA12188AF05A001A41C7 /* XCTest.framework */,
				7E02E9F2188AF05A001A41C7 /* Other Frameworks */,
			);
			name = Frameworks;
			sourceTree = "<group>";
		};
		7E02E9F2188AF05A001A41C7 /* Other Frameworks */ = {
			isa = PBXGroup;
			children = (
				7E02E9F3188AF05A001A41C7 /* AppKit.framework */,
				7E02E9F4188AF05A001A41C7 /* CoreData.framework */,
				7E02E9F5188AF05A001A41C7 /* Foundation.framework */,
			);
			name = "Other Frameworks";
			sourceTree = "<group>";
		};
		7E02E9F6188AF05A001A41C7 /* Sinister */ = {
			isa = PBXGroup;
			children = (
				7E73539D18C6944600FCAB31 /* Cards */,
				7E8E531A18A58CC600E8425A /* Images */,
				7E8E531118A5845700E8425A /* UI */,
				7E3E78341896F1B60073A08A /* Models */,
				7E02EA02188AF05A001A41C7 /* SRSAppDelegate.h */,
				7E02EA03188AF05A001A41C7 /* SRSAppDelegate.m */,
				7E02EA05188AF05A001A41C7 /* MainMenu.xib */,
				7E02EA0B188AF05A001A41C7 /* Images.xcassets */,
				7E02EA08188AF05A001A41C7 /* Sinister.xcdatamodeld */,
				7EDC772F18D0437E00BBEB53 /* Site.h */,
				7EDC773018D0437E00BBEB53 /* Site.m */,
				7EDC772C18D0437E00BBEB53 /* Player.h */,
				7EDC772D18D0437E00BBEB53 /* Player.m */,
				7EDC772918D0437E00BBEB53 /* Hand.h */,
				7EDC772A18D0437E00BBEB53 /* Hand.m */,
				7EDC772618D0437E00BBEB53 /* Seat.h */,
				7EDC772718D0437E00BBEB53 /* Seat.m */,
				7EDC772318D0437E00BBEB53 /* ParsedFile.h */,
				7EDC772418D0437E00BBEB53 /* ParsedFile.m */,
				7EDC772018D0437E00BBEB53 /* Card.h */,
				7EDC772118D0437E00BBEB53 /* Card.m */,
				7EDC771D18D0437D00BBEB53 /* Action.h */,
				7EDC771E18D0437D00BBEB53 /* Action.m */,
				7EDC771A18D0437D00BBEB53 /* GameFormat.h */,
				7EDC771B18D0437D00BBEB53 /* GameFormat.m */,
				7E02E9F7188AF05A001A41C7 /* Supporting Files */,
				7E448F84188B0B6F00D88D5A /* SRSMavenHandFileParser.h */,
				7E448F85188B0B6F00D88D5A /* SRSMavenHandFileParser.m */,
				7E8E530E18A5831500E8425A /* SRSParseEngine.h */,
				7E8E530F18A5831500E8425A /* SRSParseEngine.m */,
				7E75B23518C294030062C7AD /* NSDecimalNumber+Abs.h */,
				7E75B23618C294030062C7AD /* NSDecimalNumber+Abs.m */,
			);
			path = Sinister;
			sourceTree = "<group>";
		};
		7E02E9F7188AF05A001A41C7 /* Supporting Files */ = {
			isa = PBXGroup;
			children = (
				7E02E9F8188AF05A001A41C7 /* Sinister-Info.plist */,
				7E02E9F9188AF05A001A41C7 /* InfoPlist.strings */,
				7E02E9FC188AF05A001A41C7 /* main.m */,
				7E02E9FE188AF05A001A41C7 /* Sinister-Prefix.pch */,
				7E02E9FF188AF05A001A41C7 /* Credits.rtf */,
				7E8E530C18A5825100E8425A /* defaultPrefs.plist */,
			);
			name = "Supporting Files";
			sourceTree = "<group>";
		};
		7E02EA17188AF05A001A41C7 /* SinisterTests */ = {
			isa = PBXGroup;
			children = (
				7E02EA1D188AF05A001A41C7 /* SinisterTests.m */,
				7E02EA18188AF05A001A41C7 /* Supporting Files */,
				7E448F87188B0C1D00D88D5A /* SRSMavenLogParserTest.m */,
			);
			path = SinisterTests;
			sourceTree = "<group>";
		};
		7E02EA18188AF05A001A41C7 /* Supporting Files */ = {
			isa = PBXGroup;
			children = (
				7E02EA19188AF05A001A41C7 /* SinisterTests-Info.plist */,
				7E02EA1A188AF05A001A41C7 /* InfoPlist.strings */,
			);
			name = "Supporting Files";
			sourceTree = "<group>";
		};
		7E3E78341896F1B60073A08A /* Models */ = {
			isa = PBXGroup;
			children = (
				7E448FB3188F5EC800D88D5A /* Action+Constants.h */,
				7E448FB4188F5EC800D88D5A /* Action+Constants.m */,
				7E3E78311895EDA40073A08A /* Card+Constants.h */,
				7E3E78321895EDA40073A08A /* Card+Constants.m */,
				7E3E7851189757270073A08A /* Player+Stats.h */,
				7E3E7852189757270073A08A /* Player+Stats.m */,
				7E3E786B189855F80073A08A /* Hand+Stats.h */,
				7E3E786C189855F80073A08A /* Hand+Stats.m */,
				7E9C3580189C87D9002C47A2 /* SRSHandExpectedValue.h */,
				7E9C3581189C87D9002C47A2 /* SRSHandExpectedValue.m */,
				7E75B23218C28A510062C7AD /* Seat+Stats.h */,
				7E75B23318C28A510062C7AD /* Seat+Stats.m */,
				7E75B27A18C2C4AD0062C7AD /* GameFormat+Constants.h */,
				7E75B27B18C2C4AE0062C7AD /* GameFormat+Constants.m */,
			);
			name = Models;
			sourceTree = "<group>";
		};
		7E73539D18C6944600FCAB31 /* Cards */ = {
			isa = PBXGroup;
			children = (
				7E73540A18C6986C00FCAB31 /* Blue_Back.eps */,
				7E73539E18C6946400FCAB31 /* Clubs */,
				7E7353AC18C6946400FCAB31 /* Diamonds */,
				7E7353BA18C6946400FCAB31 /* Hearts */,
				7E7353C818C6946400FCAB31 /* Spades */,
			);
			name = Cards;
			sourceTree = "<group>";
		};
		7E73539E18C6946400FCAB31 /* Clubs */ = {
			isa = PBXGroup;
			children = (
				7E73540C18C8146D00FCAB31 /* TC.eps */,
				7E7353A018C6946400FCAB31 /* 2C.eps */,
				7E7353A118C6946400FCAB31 /* 3C.eps */,
				7E7353A218C6946400FCAB31 /* 4C.eps */,
				7E7353A318C6946400FCAB31 /* 5C.eps */,
				7E7353A418C6946400FCAB31 /* 6C.eps */,
				7E7353A518C6946400FCAB31 /* 7C.eps */,
				7E7353A618C6946400FCAB31 /* 8C.eps */,
				7E7353A718C6946400FCAB31 /* 9C.eps */,
				7E7353A818C6946400FCAB31 /* AC.eps */,
				7E7353A918C6946400FCAB31 /* JC.eps */,
				7E7353AA18C6946400FCAB31 /* KC.eps */,
				7E7353AB18C6946400FCAB31 /* QC.eps */,
			);
			path = Clubs;
			sourceTree = "<group>";
		};
		7E7353AC18C6946400FCAB31 /* Diamonds */ = {
			isa = PBXGroup;
			children = (
				7E73540E18C8148200FCAB31 /* TD.eps */,
				7E7353AE18C6946400FCAB31 /* 2D.eps */,
				7E7353AF18C6946400FCAB31 /* 3D.eps */,
				7E7353B018C6946400FCAB31 /* 4D.eps */,
				7E7353B118C6946400FCAB31 /* 5D.eps */,
				7E7353B218C6946400FCAB31 /* 6D.eps */,
				7E7353B318C6946400FCAB31 /* 7D.eps */,
				7E7353B418C6946400FCAB31 /* 8D.eps */,
				7E7353B518C6946400FCAB31 /* 9D.eps */,
				7E7353B618C6946400FCAB31 /* AD.eps */,
				7E7353B718C6946400FCAB31 /* JD.eps */,
				7E7353B818C6946400FCAB31 /* KD.eps */,
				7E7353B918C6946400FCAB31 /* QD.eps */,
			);
			path = Diamonds;
			sourceTree = "<group>";
		};
		7E7353BA18C6946400FCAB31 /* Hearts */ = {
			isa = PBXGroup;
			children = (
				7E73541018C8149000FCAB31 /* TH.eps */,
				7E7353BC18C6946400FCAB31 /* 2H.eps */,
				7E7353BD18C6946400FCAB31 /* 3H.eps */,
				7E7353BE18C6946400FCAB31 /* 4H.eps */,
				7E7353BF18C6946400FCAB31 /* 5H.eps */,
				7E7353C018C6946400FCAB31 /* 6H.eps */,
				7E7353C118C6946400FCAB31 /* 7H.eps */,
				7E7353C218C6946400FCAB31 /* 8H.eps */,
				7E7353C318C6946400FCAB31 /* 9H.eps */,
				7E7353C418C6946400FCAB31 /* AH.eps */,
				7E7353C518C6946400FCAB31 /* JH.eps */,
				7E7353C618C6946400FCAB31 /* KH.eps */,
				7E7353C718C6946400FCAB31 /* QH.eps */,
			);
			path = Hearts;
			sourceTree = "<group>";
		};
		7E7353C818C6946400FCAB31 /* Spades */ = {
			isa = PBXGroup;
			children = (
				7E73541218C814A700FCAB31 /* TS.eps */,
				7E7353CA18C6946400FCAB31 /* 2S.eps */,
				7E7353CB18C6946400FCAB31 /* 3S.eps */,
				7E7353CC18C6946400FCAB31 /* 4S.eps */,
				7E7353CD18C6946400FCAB31 /* 5S.eps */,
				7E7353CE18C6946400FCAB31 /* 6S.eps */,
				7E7353CF18C6946400FCAB31 /* 7S.eps */,
				7E7353D018C6946400FCAB31 /* 8S.eps */,
				7E7353D118C6946400FCAB31 /* 9S.eps */,
				7E7353D218C6946400FCAB31 /* AS.eps */,
				7E7353D318C6946400FCAB31 /* JS.eps */,
				7E7353D418C6946400FCAB31 /* KS.eps */,
				7E7353D518C6946400FCAB31 /* QS.eps */,
			);
			path = Spades;
			sourceTree = "<group>";
		};
		7E8E531118A5845700E8425A /* UI */ = {
			isa = PBXGroup;
			children = (
				7E02EA29188AFAEC001A41C7 /* SRSHandHistoriesLocationWindowController.h */,
				7E02EA2A188AFAEC001A41C7 /* SRSHandHistoriesLocationWindowController.m */,
				7E02EA2B188AFAEC001A41C7 /* SRSHandHistoriesLocationWindowController.xib */,
				7E3E78351896F3B20073A08A /* SRSPreferencesWindowController.h */,
				7E3E78361896F3B20073A08A /* SRSPreferencesWindowController.m */,
				7E3E78371896F3B20073A08A /* SRSPreferencesWindowController.xib */,
				7E3E78541897589F0073A08A /* SRSPlayerStatsWindowController.h */,
				7E3E78551897589F0073A08A /* SRSPlayerStatsWindowController.m */,
				7E3E78561897589F0073A08A /* SRSPlayerStatsWindowController.xib */,
				7E9C357A189C56BC002C47A2 /* SRSHandExpectedValueWindowController.h */,
				7E9C357B189C56BC002C47A2 /* SRSHandExpectedValueWindowController.m */,
				7E9C357C189C56BC002C47A2 /* SRSHandExpectedValueWindowController.xib */,
				7E27A01918A44C9400240919 /* SRSPlayerHandsWindowController.h */,
				7E27A01A18A44C9400240919 /* SRSPlayerHandsWindowController.m */,
				7E27A01B18A44C9400240919 /* SRSPlayerHandsWindowController.xib */,
				7E8E531518A58A4500E8425A /* SRSInitialSetupWindowController.h */,
				7E8E531618A58A4500E8425A /* SRSInitialSetupWindowController.m */,
				7E8E531718A58A4500E8425A /* SRSInitialSetupWindowController.xib */,
				7E8E531D18A59A3400E8425A /* AnimationFlipWindow.h */,
				7E8E531E18A59A3400E8425A /* AnimationFlipWindow.m */,
				7EDA52CE18AEC96C001D5371 /* SRSLogImportProgressWindowController.h */,
				7EDA52CF18AEC96C001D5371 /* SRSLogImportProgressWindowController.m */,
				7EDA52D018AEC96C001D5371 /* SRSLogImportProgressWindowController.xib */,
				7E75B28018C3F6520062C7AD /* SRSHandReplayWindowController.h */,
				7E75B28118C3F6520062C7AD /* SRSHandReplayWindowController.m */,
				7E75B28218C3F6520062C7AD /* SRSHandReplayWindowController.xib */,
				7E75B28518C3FCD10062C7AD /* SRSSeatViewController.h */,
				7E75B28618C3FCD10062C7AD /* SRSSeatViewController.m */,
				7E75B28718C3FCD10062C7AD /* SRSSeatViewController.xib */,
				7E22D63C18C5468000071FB0 /* SRSDealerButtonView.h */,
				7E22D63D18C5468000071FB0 /* SRSDealerButtonView.m */,
				7E22D63F18C5739400071FB0 /* SRSSeatBackgroundView.h */,
				7E22D64018C5739400071FB0 /* SRSSeatBackgroundView.m */,
				7E73539A18C67F4100FCAB31 /* SRSCardView.h */,
				7E73539B18C67F4100FCAB31 /* SRSCardView.m */,
				7E73541418C816B500FCAB31 /* SRSFeltTableView.h */,
				7E73541518C816B500FCAB31 /* SRSFeltTableView.m */,
			);
			name = UI;
			sourceTree = "<group>";
		};
		7E8E531A18A58CC600E8425A /* Images */ = {
			isa = PBXGroup;
			children = (
				7E8E531B18A58CD100E8425A /* swc-logo.png */,
			);
			name = Images;
			sourceTree = "<group>";
		};
/* End PBXGroup section */

/* Begin PBXNativeTarget section */
		7E02E9EC188AF05A001A41C7 /* Sinister */ = {
			isa = PBXNativeTarget;
			buildConfigurationList = 7E02EA21188AF05A001A41C7 /* Build configuration list for PBXNativeTarget "Sinister" */;
			buildPhases = (
				7E02E9E9188AF05A001A41C7 /* Sources */,
				7E02E9EA188AF05A001A41C7 /* Frameworks */,
				7E02E9EB188AF05A001A41C7 /* Resources */,
			);
			buildRules = (
			);
			dependencies = (
			);
			name = Sinister;
			productName = Sinister;
			productReference = 7E02E9ED188AF05A001A41C7 /* Sinister.app */;
			productType = "com.apple.product-type.application";
		};
		7E02EA10188AF05A001A41C7 /* SinisterTests */ = {
			isa = PBXNativeTarget;
			buildConfigurationList = 7E02EA24188AF05A001A41C7 /* Build configuration list for PBXNativeTarget "SinisterTests" */;
			buildPhases = (
				7E02EA0D188AF05A001A41C7 /* Sources */,
				7E02EA0E188AF05A001A41C7 /* Frameworks */,
				7E02EA0F188AF05A001A41C7 /* Resources */,
			);
			buildRules = (
			);
			dependencies = (
				7E02EA16188AF05A001A41C7 /* PBXTargetDependency */,
			);
			name = SinisterTests;
			productName = SinisterTests;
			productReference = 7E02EA11188AF05A001A41C7 /* SinisterTests.xctest */;
			productType = "com.apple.product-type.bundle.unit-test";
		};
/* End PBXNativeTarget section */

/* Begin PBXProject section */
		7E02E9E5188AF05A001A41C7 /* Project object */ = {
			isa = PBXProject;
			attributes = {
				CLASSPREFIX = SRS;
				LastUpgradeCheck = 0500;
				ORGANIZATIONNAME = "Cameron Hotchkies";
				TargetAttributes = {
					7E02EA10188AF05A001A41C7 = {
						TestTargetID = 7E02E9EC188AF05A001A41C7;
					};
				};
			};
			buildConfigurationList = 7E02E9E8188AF05A001A41C7 /* Build configuration list for PBXProject "Sinister" */;
			compatibilityVersion = "Xcode 3.2";
			developmentRegion = English;
			hasScannedForEncodings = 0;
			knownRegions = (
				en,
				Base,
			);
			mainGroup = 7E02E9E4188AF05A001A41C7;
			productRefGroup = 7E02E9EE188AF05A001A41C7 /* Products */;
			projectDirPath = "";
			projectRoot = "";
			targets = (
				7E02E9EC188AF05A001A41C7 /* Sinister */,
				7E02EA10188AF05A001A41C7 /* SinisterTests */,
			);
		};
/* End PBXProject section */

/* Begin PBXResourcesBuildPhase section */
		7E02E9EB188AF05A001A41C7 /* Resources */ = {
			isa = PBXResourcesBuildPhase;
			buildActionMask = 2147483647;
			files = (
				7E73540618C6946400FCAB31 /* AS.eps in Resources */,
				7E73540D18C8146D00FCAB31 /* TC.eps in Resources */,
				7E7353FC18C6946400FCAB31 /* QH.eps in Resources */,
				7E7353F718C6946400FCAB31 /* 8H.eps in Resources */,
				7E73540818C6946400FCAB31 /* KS.eps in Resources */,
				7E7353DF18C6946400FCAB31 /* AC.eps in Resources */,
				7E9C357E189C56BC002C47A2 /* SRSHandExpectedValueWindowController.xib in Resources */,
				7EDA52D218AEC96C001D5371 /* SRSLogImportProgressWindowController.xib in Resources */,
				7E8E530D18A5825100E8425A /* defaultPrefs.plist in Resources */,
				7E7353F218C6946400FCAB31 /* 3H.eps in Resources */,
				7E73540518C6946400FCAB31 /* 9S.eps in Resources */,
				7E73540F18C8148200FCAB31 /* TD.eps in Resources */,
				7E02EA2D188AFAEC001A41C7 /* SRSHandHistoriesLocationWindowController.xib in Resources */,
				7E27A01D18A44C9400240919 /* SRSPlayerHandsWindowController.xib in Resources */,
				7E7353DE18C6946400FCAB31 /* 9C.eps in Resources */,
				7E7353E918C6946400FCAB31 /* 7D.eps in Resources */,
				7E75B28418C3F6520062C7AD /* SRSHandReplayWindowController.xib in Resources */,
				7E02E9FB188AF05A001A41C7 /* InfoPlist.strings in Resources */,
				7E7353FF18C6946400FCAB31 /* 3S.eps in Resources */,
				7E7353F918C6946400FCAB31 /* AH.eps in Resources */,
				7E7353F618C6946400FCAB31 /* 7H.eps in Resources */,
				7E7353ED18C6946400FCAB31 /* JD.eps in Resources */,
				7E7353FE18C6946400FCAB31 /* 2S.eps in Resources */,
				7E02EA0C188AF05A001A41C7 /* Images.xcassets in Resources */,
				7E73540118C6946400FCAB31 /* 5S.eps in Resources */,
				7E7353DB18C6946400FCAB31 /* 6C.eps in Resources */,
				7E7353E018C6946400FCAB31 /* JC.eps in Resources */,
				7E02EA01188AF05A001A41C7 /* Credits.rtf in Resources */,
				7E73540918C6946400FCAB31 /* QS.eps in Resources */,
				7E7353E118C6946400FCAB31 /* KC.eps in Resources */,
				7E73540318C6946400FCAB31 /* 7S.eps in Resources */,
				7E73540718C6946400FCAB31 /* JS.eps in Resources */,
				7E02EA07188AF05A001A41C7 /* MainMenu.xib in Resources */,
				7E7353EA18C6946400FCAB31 /* 8D.eps in Resources */,
				7E7353DC18C6946400FCAB31 /* 7C.eps in Resources */,
				7E7353E218C6946400FCAB31 /* QC.eps in Resources */,
				7E73540B18C6986C00FCAB31 /* Blue_Back.eps in Resources */,
				7E7353F418C6946400FCAB31 /* 5H.eps in Resources */,
				7E73541318C814A700FCAB31 /* TS.eps in Resources */,
				7E7353E718C6946400FCAB31 /* 5D.eps in Resources */,
				7E7353F518C6946400FCAB31 /* 6H.eps in Resources */,
				7E7353E618C6946400FCAB31 /* 4D.eps in Resources */,
				7E73540018C6946400FCAB31 /* 4S.eps in Resources */,
				7E7353EE18C6946400FCAB31 /* KD.eps in Resources */,
				7E7353E518C6946400FCAB31 /* 3D.eps in Resources */,
				7E7353F318C6946400FCAB31 /* 4H.eps in Resources */,
				7E73540418C6946400FCAB31 /* 8S.eps in Resources */,
				7E3E78391896F3B20073A08A /* SRSPreferencesWindowController.xib in Resources */,
				7E7353DD18C6946400FCAB31 /* 8C.eps in Resources */,
				7E7353FA18C6946400FCAB31 /* JH.eps in Resources */,
				7E7353EC18C6946400FCAB31 /* AD.eps in Resources */,
				7E3E78581897589F0073A08A /* SRSPlayerStatsWindowController.xib in Resources */,
				7E7353E818C6946400FCAB31 /* 6D.eps in Resources */,
				7E7353F818C6946400FCAB31 /* 9H.eps in Resources */,
				7E7353E418C6946400FCAB31 /* 2D.eps in Resources */,
				7E73541118C8149000FCAB31 /* TH.eps in Resources */,
				7E7353D818C6946400FCAB31 /* 3C.eps in Resources */,
				7E7353EF18C6946400FCAB31 /* QD.eps in Resources */,
				7E7353DA18C6946400FCAB31 /* 5C.eps in Resources */,
				7E73540218C6946400FCAB31 /* 6S.eps in Resources */,
				7E7353D918C6946400FCAB31 /* 4C.eps in Resources */,
				7E7353FB18C6946400FCAB31 /* KH.eps in Resources */,
				7E8E531918A58A4500E8425A /* SRSInitialSetupWindowController.xib in Resources */,
				7E7353D718C6946400FCAB31 /* 2C.eps in Resources */,
				7E7353EB18C6946400FCAB31 /* 9D.eps in Resources */,
				7E75B28918C3FCD10062C7AD /* SRSSeatViewController.xib in Resources */,
				7E7353F118C6946400FCAB31 /* 2H.eps in Resources */,
				7E8E531C18A58CD100E8425A /* swc-logo.png in Resources */,
			);
			runOnlyForDeploymentPostprocessing = 0;
		};
		7E02EA0F188AF05A001A41C7 /* Resources */ = {
			isa = PBXResourcesBuildPhase;
			buildActionMask = 2147483647;
			files = (
				7E02EA1C188AF05A001A41C7 /* InfoPlist.strings in Resources */,
			);
			runOnlyForDeploymentPostprocessing = 0;
		};
/* End PBXResourcesBuildPhase section */

/* Begin PBXSourcesBuildPhase section */
		7E02E9E9188AF05A001A41C7 /* Sources */ = {
			isa = PBXSourcesBuildPhase;
			buildActionMask = 2147483647;
			files = (
				7EDC771C18D0437D00BBEB53 /* GameFormat.m in Sources */,
				7E27A01C18A44C9400240919 /* SRSPlayerHandsWindowController.m in Sources */,
				7EDC771F18D0437D00BBEB53 /* Action.m in Sources */,
				7E8E531018A5831500E8425A /* SRSParseEngine.m in Sources */,
				7E3E7853189757270073A08A /* Player+Stats.m in Sources */,
				7EDC772218D0437E00BBEB53 /* Card.m in Sources */,
				7E75B28318C3F6520062C7AD /* SRSHandReplayWindowController.m in Sources */,
				7EDA52D118AEC96C001D5371 /* SRSLogImportProgressWindowController.m in Sources */,
				7E8E531F18A59A3400E8425A /* AnimationFlipWindow.m in Sources */,
				7E22D64118C5739400071FB0 /* SRSSeatBackgroundView.m in Sources */,
				7E02EA0A188AF05A001A41C7 /* Sinister.xcdatamodeld in Sources */,
				7EDC772518D0437E00BBEB53 /* ParsedFile.m in Sources */,
				7E8E531818A58A4500E8425A /* SRSInitialSetupWindowController.m in Sources */,
				7E3E78381896F3B20073A08A /* SRSPreferencesWindowController.m in Sources */,
				7E73539C18C67F4100FCAB31 /* SRSCardView.m in Sources */,
				7EDC772B18D0437E00BBEB53 /* Hand.m in Sources */,
				7E3E78331895EDA40073A08A /* Card+Constants.m in Sources */,
				7E3E78571897589F0073A08A /* SRSPlayerStatsWindowController.m in Sources */,
				7E75B23718C294030062C7AD /* NSDecimalNumber+Abs.m in Sources */,
				7EDC772E18D0437E00BBEB53 /* Player.m in Sources */,
				7E02EA2C188AFAEC001A41C7 /* SRSHandHistoriesLocationWindowController.m in Sources */,
				7EDC772818D0437E00BBEB53 /* Seat.m in Sources */,
				7E9C3582189C87D9002C47A2 /* SRSHandExpectedValue.m in Sources */,
				7E75B28818C3FCD10062C7AD /* SRSSeatViewController.m in Sources */,
				7E75B23418C28A510062C7AD /* Seat+Stats.m in Sources */,
				7EDC773118D0437E00BBEB53 /* Site.m in Sources */,
				7E02E9FD188AF05A001A41C7 /* main.m in Sources */,
				7E3E786D189855F80073A08A /* Hand+Stats.m in Sources */,
				7E448FB5188F5EC800D88D5A /* Action+Constants.m in Sources */,
				7E75B27C18C2C4AE0062C7AD /* GameFormat+Constants.m in Sources */,
				7E22D63E18C5468000071FB0 /* SRSDealerButtonView.m in Sources */,
				7E73541618C816B500FCAB31 /* SRSFeltTableView.m in Sources */,
				7E9C357D189C56BC002C47A2 /* SRSHandExpectedValueWindowController.m in Sources */,
				7E02EA04188AF05A001A41C7 /* SRSAppDelegate.m in Sources */,
				7E448F86188B0B6F00D88D5A /* SRSMavenHandFileParser.m in Sources */,
			);
			runOnlyForDeploymentPostprocessing = 0;
		};
		7E02EA0D188AF05A001A41C7 /* Sources */ = {
			isa = PBXSourcesBuildPhase;
			buildActionMask = 2147483647;
			files = (
				7E448F88188B0C1D00D88D5A /* SRSMavenLogParserTest.m in Sources */,
				7E02EA1E188AF05A001A41C7 /* SinisterTests.m in Sources */,
			);
			runOnlyForDeploymentPostprocessing = 0;
		};
/* End PBXSourcesBuildPhase section */

/* Begin PBXTargetDependency section */
		7E02EA16188AF05A001A41C7 /* PBXTargetDependency */ = {
			isa = PBXTargetDependency;
			target = 7E02E9EC188AF05A001A41C7 /* Sinister */;
			targetProxy = 7E02EA15188AF05A001A41C7 /* PBXContainerItemProxy */;
		};
/* End PBXTargetDependency section */

/* Begin PBXVariantGroup section */
		7E02E9F9188AF05A001A41C7 /* InfoPlist.strings */ = {
			isa = PBXVariantGroup;
			children = (
				7E02E9FA188AF05A001A41C7 /* en */,
			);
			name = InfoPlist.strings;
			sourceTree = "<group>";
		};
		7E02E9FF188AF05A001A41C7 /* Credits.rtf */ = {
			isa = PBXVariantGroup;
			children = (
				7E02EA00188AF05A001A41C7 /* en */,
			);
			name = Credits.rtf;
			sourceTree = "<group>";
		};
		7E02EA05188AF05A001A41C7 /* MainMenu.xib */ = {
			isa = PBXVariantGroup;
			children = (
				7E02EA06188AF05A001A41C7 /* Base */,
			);
			name = MainMenu.xib;
			sourceTree = "<group>";
		};
		7E02EA1A188AF05A001A41C7 /* InfoPlist.strings */ = {
			isa = PBXVariantGroup;
			children = (
				7E02EA1B188AF05A001A41C7 /* en */,
			);
			name = InfoPlist.strings;
			sourceTree = "<group>";
		};
/* End PBXVariantGroup section */

/* Begin XCBuildConfiguration section */
		7E02EA1F188AF05A001A41C7 /* Debug */ = {
			isa = XCBuildConfiguration;
			buildSettings = {
				ALWAYS_SEARCH_USER_PATHS = NO;
				CLANG_CXX_LANGUAGE_STANDARD = "gnu++0x";
				CLANG_CXX_LIBRARY = "libc++";
				CLANG_ENABLE_OBJC_ARC = YES;
				CLANG_WARN_BOOL_CONVERSION = YES;
				CLANG_WARN_CONSTANT_CONVERSION = YES;
				CLANG_WARN_DIRECT_OBJC_ISA_USAGE = YES_ERROR;
				CLANG_WARN_EMPTY_BODY = YES;
				CLANG_WARN_ENUM_CONVERSION = YES;
				CLANG_WARN_INT_CONVERSION = YES;
				CLANG_WARN_OBJC_ROOT_CLASS = YES_ERROR;
				CLANG_WARN__DUPLICATE_METHOD_MATCH = YES;
				COPY_PHASE_STRIP = NO;
				GCC_C_LANGUAGE_STANDARD = gnu99;
				GCC_DYNAMIC_NO_PIC = NO;
				GCC_ENABLE_OBJC_EXCEPTIONS = YES;
				GCC_OPTIMIZATION_LEVEL = 0;
				GCC_PREPROCESSOR_DEFINITIONS = (
					"DEBUG=1",
					"$(inherited)",
				);
				GCC_SYMBOLS_PRIVATE_EXTERN = NO;
				GCC_WARN_64_TO_32_BIT_CONVERSION = YES;
				GCC_WARN_ABOUT_RETURN_TYPE = YES_ERROR;
				GCC_WARN_UNDECLARED_SELECTOR = YES;
				GCC_WARN_UNINITIALIZED_AUTOS = YES;
				GCC_WARN_UNUSED_FUNCTION = YES;
				GCC_WARN_UNUSED_VARIABLE = YES;
				MACOSX_DEPLOYMENT_TARGET = 10.9;
				ONLY_ACTIVE_ARCH = YES;
				SDKROOT = macosx;
			};
			name = Debug;
		};
		7E02EA20188AF05A001A41C7 /* Release */ = {
			isa = XCBuildConfiguration;
			buildSettings = {
				ALWAYS_SEARCH_USER_PATHS = NO;
				CLANG_CXX_LANGUAGE_STANDARD = "gnu++0x";
				CLANG_CXX_LIBRARY = "libc++";
				CLANG_ENABLE_OBJC_ARC = YES;
				CLANG_WARN_BOOL_CONVERSION = YES;
				CLANG_WARN_CONSTANT_CONVERSION = YES;
				CLANG_WARN_DIRECT_OBJC_ISA_USAGE = YES_ERROR;
				CLANG_WARN_EMPTY_BODY = YES;
				CLANG_WARN_ENUM_CONVERSION = YES;
				CLANG_WARN_INT_CONVERSION = YES;
				CLANG_WARN_OBJC_ROOT_CLASS = YES_ERROR;
				CLANG_WARN__DUPLICATE_METHOD_MATCH = YES;
				COPY_PHASE_STRIP = YES;
				DEBUG_INFORMATION_FORMAT = "dwarf-with-dsym";
				ENABLE_NS_ASSERTIONS = NO;
				GCC_C_LANGUAGE_STANDARD = gnu99;
				GCC_ENABLE_OBJC_EXCEPTIONS = YES;
				GCC_WARN_64_TO_32_BIT_CONVERSION = YES;
				GCC_WARN_ABOUT_RETURN_TYPE = YES_ERROR;
				GCC_WARN_UNDECLARED_SELECTOR = YES;
				GCC_WARN_UNINITIALIZED_AUTOS = YES;
				GCC_WARN_UNUSED_FUNCTION = YES;
				GCC_WARN_UNUSED_VARIABLE = YES;
				MACOSX_DEPLOYMENT_TARGET = 10.9;
				SDKROOT = macosx;
			};
			name = Release;
		};
		7E02EA22188AF05A001A41C7 /* Debug */ = {
			isa = XCBuildConfiguration;
			buildSettings = {
				ASSETCATALOG_COMPILER_APPICON_NAME = AppIcon;
				COMBINE_HIDPI_IMAGES = YES;
				GCC_PRECOMPILE_PREFIX_HEADER = YES;
				GCC_PREFIX_HEADER = "Sinister/Sinister-Prefix.pch";
				INFOPLIST_FILE = "Sinister/Sinister-Info.plist";
				PRODUCT_NAME = "$(TARGET_NAME)";
				WRAPPER_EXTENSION = app;
			};
			name = Debug;
		};
		7E02EA23188AF05A001A41C7 /* Release */ = {
			isa = XCBuildConfiguration;
			buildSettings = {
				ASSETCATALOG_COMPILER_APPICON_NAME = AppIcon;
				COMBINE_HIDPI_IMAGES = YES;
				GCC_PRECOMPILE_PREFIX_HEADER = YES;
				GCC_PREFIX_HEADER = "Sinister/Sinister-Prefix.pch";
				INFOPLIST_FILE = "Sinister/Sinister-Info.plist";
				PRODUCT_NAME = "$(TARGET_NAME)";
				WRAPPER_EXTENSION = app;
			};
			name = Release;
		};
		7E02EA25188AF05A001A41C7 /* Debug */ = {
			isa = XCBuildConfiguration;
			buildSettings = {
				BUNDLE_LOADER = "$(BUILT_PRODUCTS_DIR)/Sinister.app/Contents/MacOS/Sinister";
				COMBINE_HIDPI_IMAGES = YES;
				FRAMEWORK_SEARCH_PATHS = (
					"$(DEVELOPER_FRAMEWORKS_DIR)",
					"$(inherited)",
				);
				GCC_PRECOMPILE_PREFIX_HEADER = YES;
				GCC_PREFIX_HEADER = "Sinister/Sinister-Prefix.pch";
				GCC_PREPROCESSOR_DEFINITIONS = (
					"DEBUG=1",
					"$(inherited)",
				);
				INFOPLIST_FILE = "SinisterTests/SinisterTests-Info.plist";
				PRODUCT_NAME = "$(TARGET_NAME)";
				TEST_HOST = "$(BUNDLE_LOADER)";
				WRAPPER_EXTENSION = xctest;
			};
			name = Debug;
		};
		7E02EA26188AF05A001A41C7 /* Release */ = {
			isa = XCBuildConfiguration;
			buildSettings = {
				BUNDLE_LOADER = "$(BUILT_PRODUCTS_DIR)/Sinister.app/Contents/MacOS/Sinister";
				COMBINE_HIDPI_IMAGES = YES;
				FRAMEWORK_SEARCH_PATHS = (
					"$(DEVELOPER_FRAMEWORKS_DIR)",
					"$(inherited)",
				);
				GCC_PRECOMPILE_PREFIX_HEADER = YES;
				GCC_PREFIX_HEADER = "Sinister/Sinister-Prefix.pch";
				INFOPLIST_FILE = "SinisterTests/SinisterTests-Info.plist";
				PRODUCT_NAME = "$(TARGET_NAME)";
				TEST_HOST = "$(BUNDLE_LOADER)";
				WRAPPER_EXTENSION = xctest;
			};
			name = Release;
		};
/* End XCBuildConfiguration section */

/* Begin XCConfigurationList section */
		7E02E9E8188AF05A001A41C7 /* Build configuration list for PBXProject "Sinister" */ = {
			isa = XCConfigurationList;
			buildConfigurations = (
				7E02EA1F188AF05A001A41C7 /* Debug */,
				7E02EA20188AF05A001A41C7 /* Release */,
			);
			defaultConfigurationIsVisible = 0;
			defaultConfigurationName = Release;
		};
		7E02EA21188AF05A001A41C7 /* Build configuration list for PBXNativeTarget "Sinister" */ = {
			isa = XCConfigurationList;
			buildConfigurations = (
				7E02EA22188AF05A001A41C7 /* Debug */,
				7E02EA23188AF05A001A41C7 /* Release */,
			);
			defaultConfigurationIsVisible = 0;
			defaultConfigurationName = Release;
		};
		7E02EA24188AF05A001A41C7 /* Build configuration list for PBXNativeTarget "SinisterTests" */ = {
			isa = XCConfigurationList;
			buildConfigurations = (
				7E02EA25188AF05A001A41C7 /* Debug */,
				7E02EA26188AF05A001A41C7 /* Release */,
			);
			defaultConfigurationIsVisible = 0;
			defaultConfigurationName = Release;
		};
/* End XCConfigurationList section */

/* Begin XCVersionGroup section */
		7E02EA08188AF05A001A41C7 /* Sinister.xcdatamodeld */ = {
			isa = XCVersionGroup;
			children = (
				7E02EA09188AF05A001A41C7 /* Sinister.xcdatamodel */,
			);
			currentVersion = 7E02EA09188AF05A001A41C7 /* Sinister.xcdatamodel */;
			path = Sinister.xcdatamodeld;
			sourceTree = "<group>";
			versionGroupType = wrapper.xcdatamodel;
		};
/* End XCVersionGroup section */
	};
	rootObject = 7E02E9E5188AF05A001A41C7 /* Project object */;
}
